// !$*UTF8*$!
{
	archiveVersion = 1;
	classes = {
	};
	objectVersion = 46;
	objects = {

/* Begin PBXBuildFile section */
		4EFB60E3B08CBB7F2BF7964A /* libPods.a in Frameworks */ = {isa = PBXBuildFile; fileRef = B17B9CC57D0D36B97F73DA76 /* libPods.a */; };
		6C066FBD1B1B9EB3009EA34D /* SettingsTabViewController.m in Sources */ = {isa = PBXBuildFile; fileRef = 6C066FBC1B1B9EB3009EA34D /* SettingsTabViewController.m */; };
		6C066FD21B1BAEEF009EA34D /* first_normal.png in Resources */ = {isa = PBXBuildFile; fileRef = 6C066FBE1B1BAEEF009EA34D /* first_normal.png */; };
		6C066FD31B1BAEEF009EA34D /* first_normal@2x.png in Resources */ = {isa = PBXBuildFile; fileRef = 6C066FBF1B1BAEEF009EA34D /* first_normal@2x.png */; };
		6C066FD41B1BAEEF009EA34D /* first_selected.png in Resources */ = {isa = PBXBuildFile; fileRef = 6C066FC01B1BAEEF009EA34D /* first_selected.png */; };
		6C066FD51B1BAEEF009EA34D /* first_selected@2x.png in Resources */ = {isa = PBXBuildFile; fileRef = 6C066FC11B1BAEEF009EA34D /* first_selected@2x.png */; };
		6C066FD61B1BAEEF009EA34D /* navigationbar_background_tall.png in Resources */ = {isa = PBXBuildFile; fileRef = 6C066FC21B1BAEEF009EA34D /* navigationbar_background_tall.png */; };
		6C066FD71B1BAEEF009EA34D /* navigationbar_background_tall@2x.png in Resources */ = {isa = PBXBuildFile; fileRef = 6C066FC31B1BAEEF009EA34D /* navigationbar_background_tall@2x.png */; };
		6C066FD81B1BAEEF009EA34D /* navigationbar_background.png in Resources */ = {isa = PBXBuildFile; fileRef = 6C066FC41B1BAEEF009EA34D /* navigationbar_background.png */; };
		6C066FD91B1BAEEF009EA34D /* navigationbar_background@2x.png in Resources */ = {isa = PBXBuildFile; fileRef = 6C066FC51B1BAEEF009EA34D /* navigationbar_background@2x.png */; };
		6C066FDA1B1BAEEF009EA34D /* second_normal.png in Resources */ = {isa = PBXBuildFile; fileRef = 6C066FC61B1BAEEF009EA34D /* second_normal.png */; };
		6C066FDB1B1BAEEF009EA34D /* second_normal@2x.png in Resources */ = {isa = PBXBuildFile; fileRef = 6C066FC71B1BAEEF009EA34D /* second_normal@2x.png */; };
		6C066FDC1B1BAEEF009EA34D /* second_selected.png in Resources */ = {isa = PBXBuildFile; fileRef = 6C066FC81B1BAEEF009EA34D /* second_selected.png */; };
		6C066FDD1B1BAEEF009EA34D /* second_selected@2x.png in Resources */ = {isa = PBXBuildFile; fileRef = 6C066FC91B1BAEEF009EA34D /* second_selected@2x.png */; };
		6C066FDE1B1BAEEF009EA34D /* tabbar_normal_background.png in Resources */ = {isa = PBXBuildFile; fileRef = 6C066FCA1B1BAEEF009EA34D /* tabbar_normal_background.png */; };
		6C066FDF1B1BAEEF009EA34D /* tabbar_normal_background@2x.png in Resources */ = {isa = PBXBuildFile; fileRef = 6C066FCB1B1BAEEF009EA34D /* tabbar_normal_background@2x.png */; };
		6C066FE01B1BAEEF009EA34D /* tabbar_selected_background.png in Resources */ = {isa = PBXBuildFile; fileRef = 6C066FCC1B1BAEEF009EA34D /* tabbar_selected_background.png */; };
		6C066FE11B1BAEEF009EA34D /* tabbar_selected_background@2x.png in Resources */ = {isa = PBXBuildFile; fileRef = 6C066FCD1B1BAEEF009EA34D /* tabbar_selected_background@2x.png */; };
		6C066FE21B1BAEEF009EA34D /* third_normal.png in Resources */ = {isa = PBXBuildFile; fileRef = 6C066FCE1B1BAEEF009EA34D /* third_normal.png */; };
		6C066FE31B1BAEEF009EA34D /* third_normal@2x.png in Resources */ = {isa = PBXBuildFile; fileRef = 6C066FCF1B1BAEEF009EA34D /* third_normal@2x.png */; };
		6C066FE41B1BAEEF009EA34D /* third_selected.png in Resources */ = {isa = PBXBuildFile; fileRef = 6C066FD01B1BAEEF009EA34D /* third_selected.png */; };
		6C066FE51B1BAEEF009EA34D /* third_selected@2x.png in Resources */ = {isa = PBXBuildFile; fileRef = 6C066FD11B1BAEEF009EA34D /* third_selected@2x.png */; };
		6C066FE81B1CA960009EA34D /* WhatsOnViewController.m in Sources */ = {isa = PBXBuildFile; fileRef = 6C066FE71B1CA960009EA34D /* WhatsOnViewController.m */; };
		6C066FEB1B1CD684009EA34D /* TransitionTabBarController.m in Sources */ = {isa = PBXBuildFile; fileRef = 6C066FEA1B1CD684009EA34D /* TransitionTabBarController.m */; };
		6C0A4A151ACF10EC004818F1 /* AudioToolbox.framework in Frameworks */ = {isa = PBXBuildFile; fileRef = 6C0A4A141ACF10EC004818F1 /* AudioToolbox.framework */; };
		6C0A4A171ACF1107004818F1 /* CFNetwork.framework in Frameworks */ = {isa = PBXBuildFile; fileRef = 6C0A4A161ACF1107004818F1 /* CFNetwork.framework */; };
		6C0A4A191ACF110E004818F1 /* CoreGraphics.framework in Frameworks */ = {isa = PBXBuildFile; fileRef = 6C0A4A181ACF110E004818F1 /* CoreGraphics.framework */; };
		6C0A4A1B1ACF1113004818F1 /* CoreLocation.framework in Frameworks */ = {isa = PBXBuildFile; fileRef = 6C0A4A1A1ACF1113004818F1 /* CoreLocation.framework */; };
		6C0A4A1D1ACF1119004818F1 /* MobileCoreServices.framework in Frameworks */ = {isa = PBXBuildFile; fileRef = 6C0A4A1C1ACF1119004818F1 /* MobileCoreServices.framework */; };
		6C0A4A1F1ACF111E004818F1 /* QuartzCore.framework in Frameworks */ = {isa = PBXBuildFile; fileRef = 6C0A4A1E1ACF111E004818F1 /* QuartzCore.framework */; };
		6C0A4A211ACF1127004818F1 /* Security.framework in Frameworks */ = {isa = PBXBuildFile; fileRef = 6C0A4A201ACF1127004818F1 /* Security.framework */; };
		6C0A4A231ACF112D004818F1 /* StoreKit.framework in Frameworks */ = {isa = PBXBuildFile; fileRef = 6C0A4A221ACF112D004818F1 /* StoreKit.framework */; };
		6C0A4A251ACF1132004818F1 /* SystemConfiguration.framework in Frameworks */ = {isa = PBXBuildFile; fileRef = 6C0A4A241ACF1132004818F1 /* SystemConfiguration.framework */; };
		6C0A4A271ACF1137004818F1 /* libz.dylib in Frameworks */ = {isa = PBXBuildFile; fileRef = 6C0A4A261ACF1137004818F1 /* libz.dylib */; };
		6C0A4A2B1ACF11E6004818F1 /* AVFoundation.framework in Frameworks */ = {isa = PBXBuildFile; fileRef = 6C0A4A2A1ACF11E6004818F1 /* AVFoundation.framework */; };
		6C0A4A2D1ACF120F004818F1 /* libsqlite3.dylib in Frameworks */ = {isa = PBXBuildFile; fileRef = 6C0A4A2C1ACF120F004818F1 /* libsqlite3.dylib */; };
		6C0A4A2F1ACF126E004818F1 /* MapKit.framework in Frameworks */ = {isa = PBXBuildFile; fileRef = 6C0A4A2E1ACF126E004818F1 /* MapKit.framework */; };
		6C1E55B71ACF08D9003965A0 /* main.m in Sources */ = {isa = PBXBuildFile; fileRef = 6C1E55B61ACF08D9003965A0 /* main.m */; };
		6C1E55BA1ACF08D9003965A0 /* AppDelegate.m in Sources */ = {isa = PBXBuildFile; fileRef = 6C1E55B91ACF08D9003965A0 /* AppDelegate.m */; };
		6C1E55C01ACF08D9003965A0 /* Main.storyboard in Resources */ = {isa = PBXBuildFile; fileRef = 6C1E55BE1ACF08D9003965A0 /* Main.storyboard */; };
		6C1E55C21ACF08D9003965A0 /* Images.xcassets in Resources */ = {isa = PBXBuildFile; fileRef = 6C1E55C11ACF08D9003965A0 /* Images.xcassets */; };
		6C1E55C51ACF08D9003965A0 /* LaunchScreen.xib in Resources */ = {isa = PBXBuildFile; fileRef = 6C1E55C31ACF08D9003965A0 /* LaunchScreen.xib */; };
		6C1E55D11ACF08D9003965A0 /* VibezTests.m in Sources */ = {isa = PBXBuildFile; fileRef = 6C1E55D01ACF08D9003965A0 /* VibezTests.m */; };
		6C288E921AF5814A001D44C1 /* plug.jpg in Resources */ = {isa = PBXBuildFile; fileRef = 6C288E911AF5814A001D44C1 /* plug.jpg */; };
		6C34715D1AE46F2500FC789A /* AccountController.m in Sources */ = {isa = PBXBuildFile; fileRef = 6C34715C1AE46F2500FC789A /* AccountController.m */; };
		6C3471611AE4818A00FC789A /* error@2x.png in Resources */ = {isa = PBXBuildFile; fileRef = 6C34715E1AE4818A00FC789A /* error@2x.png */; };
		6C37D22E1AE062920078154E /* LoginViewController.m in Sources */ = {isa = PBXBuildFile; fileRef = 6C37D22D1AE062920078154E /* LoginViewController.m */; };
		6C37D2331AE078840078154E /* SignUpViewController.m in Sources */ = {isa = PBXBuildFile; fileRef = 6C37D2321AE078840078154E /* SignUpViewController.m */; };
		6C37D23C1AE079820078154E /* GlobalViewController.m in Sources */ = {isa = PBXBuildFile; fileRef = 6C37D23B1AE079820078154E /* GlobalViewController.m */; };
		6C37D23F1AE07A5F0078154E /* EventCollectionViewCell.m in Sources */ = {isa = PBXBuildFile; fileRef = 6C37D23E1AE07A5F0078154E /* EventCollectionViewCell.m */; };
		6C37D2421AE07A720078154E /* VenueCollectionViewCell.m in Sources */ = {isa = PBXBuildFile; fileRef = 6C37D2411AE07A720078154E /* VenueCollectionViewCell.m */; };
		6C37D2451AE083ED0078154E /* VenueInfoViewController.m in Sources */ = {isa = PBXBuildFile; fileRef = 6C37D2441AE083ED0078154E /* VenueInfoViewController.m */; };
		6C37D2481AE085130078154E /* EventInfoViewController.m in Sources */ = {isa = PBXBuildFile; fileRef = 6C37D2471AE085130078154E /* EventInfoViewController.m */; };
		6C37D2501AE087B30078154E /* BuyTicketViewController.m in Sources */ = {isa = PBXBuildFile; fileRef = 6C37D24F1AE087B30078154E /* BuyTicketViewController.m */; };
		6C60B0A61B3482DD004632C0 /* Vibez.xcdatamodeld in Sources */ = {isa = PBXBuildFile; fileRef = 6C60B0A41B3482DD004632C0 /* Vibez.xcdatamodeld */; };
		6C79FF6F1B28B2A4006293C9 /* Bolts.framework in Frameworks */ = {isa = PBXBuildFile; fileRef = 6C79FF6C1B28B2A4006293C9 /* Bolts.framework */; };
		6C79FF701B28B2A4006293C9 /* Parse.framework in Frameworks */ = {isa = PBXBuildFile; fileRef = 6C79FF6D1B28B2A4006293C9 /* Parse.framework */; };
		6C79FF711B28B2A4006293C9 /* ParseFacebookUtilsV4.framework in Frameworks */ = {isa = PBXBuildFile; fileRef = 6C79FF6E1B28B2A4006293C9 /* ParseFacebookUtilsV4.framework */; };
		6C79FF751B28B40C006293C9 /* UIColor+Piktu.m in Sources */ = {isa = PBXBuildFile; fileRef = 6C79FF741B28B40C006293C9 /* UIColor+Piktu.m */; };
		6C79FF871B2A66B9006293C9 /* TicketTableViewCell.m in Sources */ = {isa = PBXBuildFile; fileRef = 6C79FF861B2A66B9006293C9 /* TicketTableViewCell.m */; };
		6C79FF8A1B2A66F2006293C9 /* TicketDataSource.m in Sources */ = {isa = PBXBuildFile; fileRef = 6C79FF891B2A66F2006293C9 /* TicketDataSource.m */; };
		6C7BD75D1AEB31290092483F /* Validator.m in Sources */ = {isa = PBXBuildFile; fileRef = 6C7BD75C1AEB31290092483F /* Validator.m */; };
		6C7BD7631AEC2A5B0092483F /* EventDataSource.m in Sources */ = {isa = PBXBuildFile; fileRef = 6C7BD7621AEC2A5B0092483F /* EventDataSource.m */; };
		6C7BD7671AEC2C9D0092483F /* VenueDataSource.m in Sources */ = {isa = PBXBuildFile; fileRef = 6C7BD7661AEC2C9D0092483F /* VenueDataSource.m */; };
		6C7C97211AE45AC4001EE1FD /* FBSDKCoreKit.framework in Frameworks */ = {isa = PBXBuildFile; fileRef = 6C7C971E1AE45AC4001EE1FD /* FBSDKCoreKit.framework */; };
		6C7C97221AE45AC4001EE1FD /* FBSDKLoginKit.framework in Frameworks */ = {isa = PBXBuildFile; fileRef = 6C7C971F1AE45AC4001EE1FD /* FBSDKLoginKit.framework */; };
		6C7C97231AE45AC4001EE1FD /* FBSDKShareKit.framework in Frameworks */ = {isa = PBXBuildFile; fileRef = 6C7C97201AE45AC4001EE1FD /* FBSDKShareKit.framework */; };
		6C8A73F21B24D4F300AAD04E /* UIImage+MDQRCode.m in Sources */ = {isa = PBXBuildFile; fileRef = 6C8A73F01B24D4F300AAD04E /* UIImage+MDQRCode.m */; };
		6C8A73F41B24D5BE00AAD04E /* Foundation.framework in Frameworks */ = {isa = PBXBuildFile; fileRef = 6C8A73F31B24D5BE00AAD04E /* Foundation.framework */; };
		6C8A73F61B24D66100AAD04E /* UIKit.framework in Frameworks */ = {isa = PBXBuildFile; fileRef = 6C8A73F51B24D66100AAD04E /* UIKit.framework */; };
		6C8A741B1B24D70100AAD04E /* bitstream.c in Sources */ = {isa = PBXBuildFile; fileRef = 6C8A740D1B24D70100AAD04E /* bitstream.c */; };
		6C8A741C1B24D70100AAD04E /* mask.c in Sources */ = {isa = PBXBuildFile; fileRef = 6C8A740F1B24D70100AAD04E /* mask.c */; };
		6C8A741D1B24D70100AAD04E /* qrencode.c in Sources */ = {isa = PBXBuildFile; fileRef = 6C8A74111B24D70100AAD04E /* qrencode.c */; };
		6C8A741E1B24D70100AAD04E /* qrinput.c in Sources */ = {isa = PBXBuildFile; fileRef = 6C8A74131B24D70100AAD04E /* qrinput.c */; };
		6C8A741F1B24D70100AAD04E /* qrspec.c in Sources */ = {isa = PBXBuildFile; fileRef = 6C8A74151B24D70100AAD04E /* qrspec.c */; };
		6C8A74201B24D70100AAD04E /* rscode.c in Sources */ = {isa = PBXBuildFile; fileRef = 6C8A74171B24D70100AAD04E /* rscode.c */; };
		6C8A74211B24D70100AAD04E /* split.c in Sources */ = {isa = PBXBuildFile; fileRef = 6C8A74191B24D70100AAD04E /* split.c */; };
		6C8A74241B24DB0E00AAD04E /* DisplayTicketViewController.m in Sources */ = {isa = PBXBuildFile; fileRef = 6C8A74231B24DB0E00AAD04E /* DisplayTicketViewController.m */; };
		6C90C6501B38717100C82735 /* PIKContextManager.m in Sources */ = {isa = PBXBuildFile; fileRef = 6C90C64F1B38717100C82735 /* PIKContextManager.m */; };
		6C90C6541B3875F700C82735 /* User+Additions.m in Sources */ = {isa = PBXBuildFile; fileRef = 6C90C6531B3875F700C82735 /* User+Additions.m */; };
		6C90C6571B3876AA00C82735 /* PFObject+PIK.m in Sources */ = {isa = PBXBuildFile; fileRef = 6C90C6561B3876AA00C82735 /* PFObject+PIK.m */; };
		6C90C65A1B3877BD00C82735 /* PIKParseManager.m in Sources */ = {isa = PBXBuildFile; fileRef = 6C90C6591B3877BD00C82735 /* PIKParseManager.m */; };
		6C90C6631B38787E00C82735 /* Venue+Additions.m in Sources */ = {isa = PBXBuildFile; fileRef = 6C90C6621B38787E00C82735 /* Venue+Additions.m */; };
		6C90C66C1B38861E00C82735 /* FetchedCollectionViewContainerViewController.m in Sources */ = {isa = PBXBuildFile; fileRef = 6C90C66B1B38861E00C82735 /* FetchedCollectionViewContainerViewController.m */; };
		6CA0F7811B212C3900DF867D /* loginBG.jpg in Resources */ = {isa = PBXBuildFile; fileRef = 6CA0F7801B212C3900DF867D /* loginBG.jpg */; };
		6CB4A4331B3CC9AB00121975 /* Event+Additions.m in Sources */ = {isa = PBXBuildFile; fileRef = 6CB4A4321B3CC9AB00121975 /* Event+Additions.m */; };
		6CB4A4451B3CD97800121975 /* Event.m in Sources */ = {isa = PBXBuildFile; fileRef = 6CB4A4441B3CD97800121975 /* Event.m */; };
		6CB4A4481B3CD97900121975 /* User.m in Sources */ = {isa = PBXBuildFile; fileRef = 6CB4A4471B3CD97900121975 /* User.m */; };
		6CB4A44B1B3CD97900121975 /* Venue.m in Sources */ = {isa = PBXBuildFile; fileRef = 6CB4A44A1B3CD97900121975 /* Venue.m */; };
		6CB4A44E1B3CD97900121975 /* Ticket.m in Sources */ = {isa = PBXBuildFile; fileRef = 6CB4A44D1B3CD97900121975 /* Ticket.m */; };
		6CB4A4511B3CD97900121975 /* Order.m in Sources */ = {isa = PBXBuildFile; fileRef = 6CB4A4501B3CD97900121975 /* Order.m */; };
		6CB864251B55BE5100E2838A /* MoreTabViewController.m in Sources */ = {isa = PBXBuildFile; fileRef = 6CB864241B55BE5100E2838A /* MoreTabViewController.m */; };
		6CB864281B55BEA400E2838A /* MoreContainerViewController.m in Sources */ = {isa = PBXBuildFile; fileRef = 6CB864271B55BEA400E2838A /* MoreContainerViewController.m */; };
		6CC098FA1AFEC3DF0089E4B7 /* ADVSegmentedControl.swift in Sources */ = {isa = PBXBuildFile; fileRef = 6CC098F91AFEC3DF0089E4B7 /* ADVSegmentedControl.swift */; };
		6CD58E051ADED8B800CDBC29 /* Social.framework in Frameworks */ = {isa = PBXBuildFile; fileRef = 6CD58E041ADED8B800CDBC29 /* Social.framework */; };
		6CD58E071ADED8BD00CDBC29 /* Accounts.framework in Frameworks */ = {isa = PBXBuildFile; fileRef = 6CD58E061ADED8BD00CDBC29 /* Accounts.framework */; };
		6CDBAF851B4F416400ED75CD /* RKDropdownAlert.m in Sources */ = {isa = PBXBuildFile; fileRef = 6CDBAF831B4F416400ED75CD /* RKDropdownAlert.m */; };
		6CDBAF8C1B4F4AEC00ED75CD /* TicketsViewController.m in Sources */ = {isa = PBXBuildFile; fileRef = 6CDBAF8B1B4F4AEC00ED75CD /* TicketsViewController.m */; };
		6CEF066D1B49B057001F1E7C /* Montserrat-Bold.otf in Resources */ = {isa = PBXBuildFile; fileRef = 6CEF066B1B49AFB0001F1E7C /* Montserrat-Bold.otf */; };
		6CEF066E1B49B057001F1E7C /* Montserrat-Regular.otf in Resources */ = {isa = PBXBuildFile; fileRef = 6CEF066C1B49AFB0001F1E7C /* Montserrat-Regular.otf */; };
		6CEF06741B49B0EB001F1E7C /* UIFont+PIK.m in Sources */ = {isa = PBXBuildFile; fileRef = 6CEF06731B49B0EB001F1E7C /* UIFont+PIK.m */; };
		6CEF06771B4A1E48001F1E7C /* VibezTabBarController.m in Sources */ = {isa = PBXBuildFile; fileRef = 6CEF06761B4A1E48001F1E7C /* VibezTabBarController.m */; };
		6CEF067A1B4B6D4A001F1E7C /* TicketsFetchedTableViewController.m in Sources */ = {isa = PBXBuildFile; fileRef = 6CEF06791B4B6D4A001F1E7C /* TicketsFetchedTableViewController.m */; };
		6CEF067D1B4CA0C0001F1E7C /* NSString+PIK.m in Sources */ = {isa = PBXBuildFile; fileRef = 6CEF067C1B4CA0C0001F1E7C /* NSString+PIK.m */; };
		6CEF067F1B4CB7AF001F1E7C /* ticket.jpg in Resources */ = {isa = PBXBuildFile; fileRef = 6CEF067E1B4CB7AF001F1E7C /* ticket.jpg */; };
/* End PBXBuildFile section */

/* Begin PBXContainerItemProxy section */
		6C1E55CB1ACF08D9003965A0 /* PBXContainerItemProxy */ = {
			isa = PBXContainerItemProxy;
			containerPortal = 6C1E55A91ACF08D9003965A0 /* Project object */;
			proxyType = 1;
			remoteGlobalIDString = 6C1E55B01ACF08D9003965A0;
			remoteInfo = Vibez;
		};
/* End PBXContainerItemProxy section */

/* Begin PBXFileReference section */
		1F3B4DCC358B802FE7FB6BBF /* Pods.debug.xcconfig */ = {isa = PBXFileReference; includeInIndex = 1; lastKnownFileType = text.xcconfig; name = Pods.debug.xcconfig; path = "Pods/Target Support Files/Pods/Pods.debug.xcconfig"; sourceTree = "<group>"; };
		6C066FBB1B1B9EB3009EA34D /* SettingsTabViewController.h */ = {isa = PBXFileReference; fileEncoding = 4; lastKnownFileType = sourcecode.c.h; path = SettingsTabViewController.h; sourceTree = "<group>"; };
		6C066FBC1B1B9EB3009EA34D /* SettingsTabViewController.m */ = {isa = PBXFileReference; fileEncoding = 4; lastKnownFileType = sourcecode.c.objc; path = SettingsTabViewController.m; sourceTree = "<group>"; };
		6C066FBE1B1BAEEF009EA34D /* first_normal.png */ = {isa = PBXFileReference; lastKnownFileType = image.png; path = first_normal.png; sourceTree = "<group>"; };
		6C066FBF1B1BAEEF009EA34D /* first_normal@2x.png */ = {isa = PBXFileReference; lastKnownFileType = image.png; path = "first_normal@2x.png"; sourceTree = "<group>"; };
		6C066FC01B1BAEEF009EA34D /* first_selected.png */ = {isa = PBXFileReference; lastKnownFileType = image.png; path = first_selected.png; sourceTree = "<group>"; };
		6C066FC11B1BAEEF009EA34D /* first_selected@2x.png */ = {isa = PBXFileReference; lastKnownFileType = image.png; path = "first_selected@2x.png"; sourceTree = "<group>"; };
		6C066FC21B1BAEEF009EA34D /* navigationbar_background_tall.png */ = {isa = PBXFileReference; lastKnownFileType = image.png; path = navigationbar_background_tall.png; sourceTree = "<group>"; };
		6C066FC31B1BAEEF009EA34D /* navigationbar_background_tall@2x.png */ = {isa = PBXFileReference; lastKnownFileType = image.png; path = "navigationbar_background_tall@2x.png"; sourceTree = "<group>"; };
		6C066FC41B1BAEEF009EA34D /* navigationbar_background.png */ = {isa = PBXFileReference; lastKnownFileType = image.png; path = navigationbar_background.png; sourceTree = "<group>"; };
		6C066FC51B1BAEEF009EA34D /* navigationbar_background@2x.png */ = {isa = PBXFileReference; lastKnownFileType = image.png; path = "navigationbar_background@2x.png"; sourceTree = "<group>"; };
		6C066FC61B1BAEEF009EA34D /* second_normal.png */ = {isa = PBXFileReference; lastKnownFileType = image.png; path = second_normal.png; sourceTree = "<group>"; };
		6C066FC71B1BAEEF009EA34D /* second_normal@2x.png */ = {isa = PBXFileReference; lastKnownFileType = image.png; path = "second_normal@2x.png"; sourceTree = "<group>"; };
		6C066FC81B1BAEEF009EA34D /* second_selected.png */ = {isa = PBXFileReference; lastKnownFileType = image.png; path = second_selected.png; sourceTree = "<group>"; };
		6C066FC91B1BAEEF009EA34D /* second_selected@2x.png */ = {isa = PBXFileReference; lastKnownFileType = image.png; path = "second_selected@2x.png"; sourceTree = "<group>"; };
		6C066FCA1B1BAEEF009EA34D /* tabbar_normal_background.png */ = {isa = PBXFileReference; lastKnownFileType = image.png; path = tabbar_normal_background.png; sourceTree = "<group>"; };
		6C066FCB1B1BAEEF009EA34D /* tabbar_normal_background@2x.png */ = {isa = PBXFileReference; lastKnownFileType = image.png; path = "tabbar_normal_background@2x.png"; sourceTree = "<group>"; };
		6C066FCC1B1BAEEF009EA34D /* tabbar_selected_background.png */ = {isa = PBXFileReference; lastKnownFileType = image.png; path = tabbar_selected_background.png; sourceTree = "<group>"; };
		6C066FCD1B1BAEEF009EA34D /* tabbar_selected_background@2x.png */ = {isa = PBXFileReference; lastKnownFileType = image.png; path = "tabbar_selected_background@2x.png"; sourceTree = "<group>"; };
		6C066FCE1B1BAEEF009EA34D /* third_normal.png */ = {isa = PBXFileReference; lastKnownFileType = image.png; path = third_normal.png; sourceTree = "<group>"; };
		6C066FCF1B1BAEEF009EA34D /* third_normal@2x.png */ = {isa = PBXFileReference; lastKnownFileType = image.png; path = "third_normal@2x.png"; sourceTree = "<group>"; };
		6C066FD01B1BAEEF009EA34D /* third_selected.png */ = {isa = PBXFileReference; lastKnownFileType = image.png; path = third_selected.png; sourceTree = "<group>"; };
		6C066FD11B1BAEEF009EA34D /* third_selected@2x.png */ = {isa = PBXFileReference; lastKnownFileType = image.png; path = "third_selected@2x.png"; sourceTree = "<group>"; };
		6C066FE61B1CA960009EA34D /* WhatsOnViewController.h */ = {isa = PBXFileReference; fileEncoding = 4; lastKnownFileType = sourcecode.c.h; path = WhatsOnViewController.h; sourceTree = "<group>"; };
		6C066FE71B1CA960009EA34D /* WhatsOnViewController.m */ = {isa = PBXFileReference; fileEncoding = 4; lastKnownFileType = sourcecode.c.objc; path = WhatsOnViewController.m; sourceTree = "<group>"; };
		6C066FE91B1CD684009EA34D /* TransitionTabBarController.h */ = {isa = PBXFileReference; fileEncoding = 4; lastKnownFileType = sourcecode.c.h; path = TransitionTabBarController.h; sourceTree = "<group>"; };
		6C066FEA1B1CD684009EA34D /* TransitionTabBarController.m */ = {isa = PBXFileReference; fileEncoding = 4; lastKnownFileType = sourcecode.c.objc; path = TransitionTabBarController.m; sourceTree = "<group>"; };
		6C0A4A141ACF10EC004818F1 /* AudioToolbox.framework */ = {isa = PBXFileReference; lastKnownFileType = wrapper.framework; name = AudioToolbox.framework; path = System/Library/Frameworks/AudioToolbox.framework; sourceTree = SDKROOT; };
		6C0A4A161ACF1107004818F1 /* CFNetwork.framework */ = {isa = PBXFileReference; lastKnownFileType = wrapper.framework; name = CFNetwork.framework; path = System/Library/Frameworks/CFNetwork.framework; sourceTree = SDKROOT; };
		6C0A4A181ACF110E004818F1 /* CoreGraphics.framework */ = {isa = PBXFileReference; lastKnownFileType = wrapper.framework; name = CoreGraphics.framework; path = System/Library/Frameworks/CoreGraphics.framework; sourceTree = SDKROOT; };
		6C0A4A1A1ACF1113004818F1 /* CoreLocation.framework */ = {isa = PBXFileReference; lastKnownFileType = wrapper.framework; name = CoreLocation.framework; path = System/Library/Frameworks/CoreLocation.framework; sourceTree = SDKROOT; };
		6C0A4A1C1ACF1119004818F1 /* MobileCoreServices.framework */ = {isa = PBXFileReference; lastKnownFileType = wrapper.framework; name = MobileCoreServices.framework; path = System/Library/Frameworks/MobileCoreServices.framework; sourceTree = SDKROOT; };
		6C0A4A1E1ACF111E004818F1 /* QuartzCore.framework */ = {isa = PBXFileReference; lastKnownFileType = wrapper.framework; name = QuartzCore.framework; path = System/Library/Frameworks/QuartzCore.framework; sourceTree = SDKROOT; };
		6C0A4A201ACF1127004818F1 /* Security.framework */ = {isa = PBXFileReference; lastKnownFileType = wrapper.framework; name = Security.framework; path = System/Library/Frameworks/Security.framework; sourceTree = SDKROOT; };
		6C0A4A221ACF112D004818F1 /* StoreKit.framework */ = {isa = PBXFileReference; lastKnownFileType = wrapper.framework; name = StoreKit.framework; path = System/Library/Frameworks/StoreKit.framework; sourceTree = SDKROOT; };
		6C0A4A241ACF1132004818F1 /* SystemConfiguration.framework */ = {isa = PBXFileReference; lastKnownFileType = wrapper.framework; name = SystemConfiguration.framework; path = System/Library/Frameworks/SystemConfiguration.framework; sourceTree = SDKROOT; };
		6C0A4A261ACF1137004818F1 /* libz.dylib */ = {isa = PBXFileReference; lastKnownFileType = "compiled.mach-o.dylib"; name = libz.dylib; path = usr/lib/libz.dylib; sourceTree = SDKROOT; };
		6C0A4A2A1ACF11E6004818F1 /* AVFoundation.framework */ = {isa = PBXFileReference; lastKnownFileType = wrapper.framework; name = AVFoundation.framework; path = System/Library/Frameworks/AVFoundation.framework; sourceTree = SDKROOT; };
		6C0A4A2C1ACF120F004818F1 /* libsqlite3.dylib */ = {isa = PBXFileReference; lastKnownFileType = "compiled.mach-o.dylib"; name = libsqlite3.dylib; path = usr/lib/libsqlite3.dylib; sourceTree = SDKROOT; };
		6C0A4A2E1ACF126E004818F1 /* MapKit.framework */ = {isa = PBXFileReference; lastKnownFileType = wrapper.framework; name = MapKit.framework; path = System/Library/Frameworks/MapKit.framework; sourceTree = SDKROOT; };
		6C1E55B11ACF08D9003965A0 /* Vibez.app */ = {isa = PBXFileReference; explicitFileType = wrapper.application; includeInIndex = 0; path = Vibez.app; sourceTree = BUILT_PRODUCTS_DIR; };
		6C1E55B51ACF08D9003965A0 /* Info.plist */ = {isa = PBXFileReference; lastKnownFileType = text.plist.xml; path = Info.plist; sourceTree = "<group>"; };
		6C1E55B61ACF08D9003965A0 /* main.m */ = {isa = PBXFileReference; lastKnownFileType = sourcecode.c.objc; path = main.m; sourceTree = "<group>"; };
		6C1E55B81ACF08D9003965A0 /* AppDelegate.h */ = {isa = PBXFileReference; lastKnownFileType = sourcecode.c.h; path = AppDelegate.h; sourceTree = "<group>"; };
		6C1E55B91ACF08D9003965A0 /* AppDelegate.m */ = {isa = PBXFileReference; lastKnownFileType = sourcecode.c.objc; path = AppDelegate.m; sourceTree = "<group>"; };
		6C1E55BF1ACF08D9003965A0 /* Base */ = {isa = PBXFileReference; lastKnownFileType = file.storyboard; name = Base; path = Base.lproj/Main.storyboard; sourceTree = "<group>"; };
		6C1E55C11ACF08D9003965A0 /* Images.xcassets */ = {isa = PBXFileReference; lastKnownFileType = folder.assetcatalog; path = Images.xcassets; sourceTree = "<group>"; };
		6C1E55C41ACF08D9003965A0 /* Base */ = {isa = PBXFileReference; lastKnownFileType = file.xib; name = Base; path = Base.lproj/LaunchScreen.xib; sourceTree = "<group>"; };
		6C1E55CA1ACF08D9003965A0 /* VibezTests.xctest */ = {isa = PBXFileReference; explicitFileType = wrapper.cfbundle; includeInIndex = 0; path = VibezTests.xctest; sourceTree = BUILT_PRODUCTS_DIR; };
		6C1E55CF1ACF08D9003965A0 /* Info.plist */ = {isa = PBXFileReference; lastKnownFileType = text.plist.xml; path = Info.plist; sourceTree = "<group>"; };
		6C1E55D01ACF08D9003965A0 /* VibezTests.m */ = {isa = PBXFileReference; lastKnownFileType = sourcecode.c.objc; path = VibezTests.m; sourceTree = "<group>"; };
		6C288E911AF5814A001D44C1 /* plug.jpg */ = {isa = PBXFileReference; lastKnownFileType = image.jpeg; path = plug.jpg; sourceTree = "<group>"; };
		6C34715B1AE46F2500FC789A /* AccountController.h */ = {isa = PBXFileReference; fileEncoding = 4; lastKnownFileType = sourcecode.c.h; path = AccountController.h; sourceTree = "<group>"; };
		6C34715C1AE46F2500FC789A /* AccountController.m */ = {isa = PBXFileReference; fileEncoding = 4; lastKnownFileType = sourcecode.c.objc; path = AccountController.m; sourceTree = "<group>"; };
		6C34715E1AE4818A00FC789A /* error@2x.png */ = {isa = PBXFileReference; lastKnownFileType = image.png; path = "error@2x.png"; sourceTree = "<group>"; };
		6C37D22C1AE062920078154E /* LoginViewController.h */ = {isa = PBXFileReference; fileEncoding = 4; lastKnownFileType = sourcecode.c.h; path = LoginViewController.h; sourceTree = "<group>"; };
		6C37D22D1AE062920078154E /* LoginViewController.m */ = {isa = PBXFileReference; fileEncoding = 4; lastKnownFileType = sourcecode.c.objc; path = LoginViewController.m; sourceTree = "<group>"; };
		6C37D2311AE078840078154E /* SignUpViewController.h */ = {isa = PBXFileReference; fileEncoding = 4; lastKnownFileType = sourcecode.c.h; path = SignUpViewController.h; sourceTree = "<group>"; };
		6C37D2321AE078840078154E /* SignUpViewController.m */ = {isa = PBXFileReference; fileEncoding = 4; lastKnownFileType = sourcecode.c.objc; path = SignUpViewController.m; sourceTree = "<group>"; };
		6C37D23A1AE079820078154E /* GlobalViewController.h */ = {isa = PBXFileReference; fileEncoding = 4; lastKnownFileType = sourcecode.c.h; path = GlobalViewController.h; sourceTree = "<group>"; };
		6C37D23B1AE079820078154E /* GlobalViewController.m */ = {isa = PBXFileReference; fileEncoding = 4; lastKnownFileType = sourcecode.c.objc; path = GlobalViewController.m; sourceTree = "<group>"; };
		6C37D23D1AE07A5F0078154E /* EventCollectionViewCell.h */ = {isa = PBXFileReference; fileEncoding = 4; lastKnownFileType = sourcecode.c.h; path = EventCollectionViewCell.h; sourceTree = "<group>"; };
		6C37D23E1AE07A5F0078154E /* EventCollectionViewCell.m */ = {isa = PBXFileReference; fileEncoding = 4; lastKnownFileType = sourcecode.c.objc; path = EventCollectionViewCell.m; sourceTree = "<group>"; };
		6C37D2401AE07A720078154E /* VenueCollectionViewCell.h */ = {isa = PBXFileReference; fileEncoding = 4; lastKnownFileType = sourcecode.c.h; path = VenueCollectionViewCell.h; sourceTree = "<group>"; };
		6C37D2411AE07A720078154E /* VenueCollectionViewCell.m */ = {isa = PBXFileReference; fileEncoding = 4; lastKnownFileType = sourcecode.c.objc; path = VenueCollectionViewCell.m; sourceTree = "<group>"; };
		6C37D2431AE083ED0078154E /* VenueInfoViewController.h */ = {isa = PBXFileReference; fileEncoding = 4; lastKnownFileType = sourcecode.c.h; path = VenueInfoViewController.h; sourceTree = "<group>"; };
		6C37D2441AE083ED0078154E /* VenueInfoViewController.m */ = {isa = PBXFileReference; fileEncoding = 4; lastKnownFileType = sourcecode.c.objc; path = VenueInfoViewController.m; sourceTree = "<group>"; };
		6C37D2461AE085130078154E /* EventInfoViewController.h */ = {isa = PBXFileReference; fileEncoding = 4; lastKnownFileType = sourcecode.c.h; path = EventInfoViewController.h; sourceTree = "<group>"; };
		6C37D2471AE085130078154E /* EventInfoViewController.m */ = {isa = PBXFileReference; fileEncoding = 4; lastKnownFileType = sourcecode.c.objc; path = EventInfoViewController.m; sourceTree = "<group>"; };
		6C37D24E1AE087B30078154E /* BuyTicketViewController.h */ = {isa = PBXFileReference; fileEncoding = 4; lastKnownFileType = sourcecode.c.h; path = BuyTicketViewController.h; sourceTree = "<group>"; };
		6C37D24F1AE087B30078154E /* BuyTicketViewController.m */ = {isa = PBXFileReference; fileEncoding = 4; lastKnownFileType = sourcecode.c.objc; path = BuyTicketViewController.m; sourceTree = "<group>"; };
		6C60B0A51B3482DD004632C0 /* Vibez.xcdatamodel */ = {isa = PBXFileReference; lastKnownFileType = wrapper.xcdatamodel; path = Vibez.xcdatamodel; sourceTree = "<group>"; };
		6C79FF6C1B28B2A4006293C9 /* Bolts.framework */ = {isa = PBXFileReference; lastKnownFileType = wrapper.framework; path = Bolts.framework; sourceTree = "<group>"; };
		6C79FF6D1B28B2A4006293C9 /* Parse.framework */ = {isa = PBXFileReference; lastKnownFileType = wrapper.framework; path = Parse.framework; sourceTree = "<group>"; };
		6C79FF6E1B28B2A4006293C9 /* ParseFacebookUtilsV4.framework */ = {isa = PBXFileReference; lastKnownFileType = wrapper.framework; path = ParseFacebookUtilsV4.framework; sourceTree = "<group>"; };
		6C79FF731B28B40C006293C9 /* UIColor+Piktu.h */ = {isa = PBXFileReference; fileEncoding = 4; lastKnownFileType = sourcecode.c.h; path = "UIColor+Piktu.h"; sourceTree = "<group>"; };
		6C79FF741B28B40C006293C9 /* UIColor+Piktu.m */ = {isa = PBXFileReference; fileEncoding = 4; lastKnownFileType = sourcecode.c.objc; path = "UIColor+Piktu.m"; sourceTree = "<group>"; };
		6C79FF761B28B49A006293C9 /* PrefixHeader.pch */ = {isa = PBXFileReference; lastKnownFileType = sourcecode.c.h; path = PrefixHeader.pch; sourceTree = "<group>"; };
		6C79FF851B2A66B9006293C9 /* TicketTableViewCell.h */ = {isa = PBXFileReference; fileEncoding = 4; lastKnownFileType = sourcecode.c.h; path = TicketTableViewCell.h; sourceTree = "<group>"; };
		6C79FF861B2A66B9006293C9 /* TicketTableViewCell.m */ = {isa = PBXFileReference; fileEncoding = 4; lastKnownFileType = sourcecode.c.objc; path = TicketTableViewCell.m; sourceTree = "<group>"; };
		6C79FF881B2A66F2006293C9 /* TicketDataSource.h */ = {isa = PBXFileReference; fileEncoding = 4; lastKnownFileType = sourcecode.c.h; path = TicketDataSource.h; sourceTree = "<group>"; };
		6C79FF891B2A66F2006293C9 /* TicketDataSource.m */ = {isa = PBXFileReference; fileEncoding = 4; lastKnownFileType = sourcecode.c.objc; path = TicketDataSource.m; sourceTree = "<group>"; };
		6C7BD75B1AEB31290092483F /* Validator.h */ = {isa = PBXFileReference; fileEncoding = 4; lastKnownFileType = sourcecode.c.h; path = Validator.h; sourceTree = "<group>"; };
		6C7BD75C1AEB31290092483F /* Validator.m */ = {isa = PBXFileReference; fileEncoding = 4; lastKnownFileType = sourcecode.c.objc; path = Validator.m; sourceTree = "<group>"; };
		6C7BD7611AEC2A5B0092483F /* EventDataSource.h */ = {isa = PBXFileReference; fileEncoding = 4; lastKnownFileType = sourcecode.c.h; path = EventDataSource.h; sourceTree = "<group>"; };
		6C7BD7621AEC2A5B0092483F /* EventDataSource.m */ = {isa = PBXFileReference; fileEncoding = 4; lastKnownFileType = sourcecode.c.objc; path = EventDataSource.m; sourceTree = "<group>"; };
		6C7BD7651AEC2C9D0092483F /* VenueDataSource.h */ = {isa = PBXFileReference; fileEncoding = 4; lastKnownFileType = sourcecode.c.h; path = VenueDataSource.h; sourceTree = "<group>"; };
		6C7BD7661AEC2C9D0092483F /* VenueDataSource.m */ = {isa = PBXFileReference; fileEncoding = 4; lastKnownFileType = sourcecode.c.objc; path = VenueDataSource.m; sourceTree = "<group>"; };
		6C7C971E1AE45AC4001EE1FD /* FBSDKCoreKit.framework */ = {isa = PBXFileReference; lastKnownFileType = wrapper.framework; name = FBSDKCoreKit.framework; path = ../../../Documents/FacebookSDK/FBSDKCoreKit.framework; sourceTree = "<group>"; };
		6C7C971F1AE45AC4001EE1FD /* FBSDKLoginKit.framework */ = {isa = PBXFileReference; lastKnownFileType = wrapper.framework; name = FBSDKLoginKit.framework; path = ../../../Documents/FacebookSDK/FBSDKLoginKit.framework; sourceTree = "<group>"; };
		6C7C97201AE45AC4001EE1FD /* FBSDKShareKit.framework */ = {isa = PBXFileReference; lastKnownFileType = wrapper.framework; name = FBSDKShareKit.framework; path = ../../../Documents/FacebookSDK/FBSDKShareKit.framework; sourceTree = "<group>"; };
		6C8A73EF1B24D4F300AAD04E /* UIImage+MDQRCode.h */ = {isa = PBXFileReference; fileEncoding = 4; lastKnownFileType = sourcecode.c.h; path = "UIImage+MDQRCode.h"; sourceTree = "<group>"; };
		6C8A73F01B24D4F300AAD04E /* UIImage+MDQRCode.m */ = {isa = PBXFileReference; fileEncoding = 4; lastKnownFileType = sourcecode.c.objc; path = "UIImage+MDQRCode.m"; sourceTree = "<group>"; };
		6C8A73F31B24D5BE00AAD04E /* Foundation.framework */ = {isa = PBXFileReference; lastKnownFileType = wrapper.framework; name = Foundation.framework; path = System/Library/Frameworks/Foundation.framework; sourceTree = SDKROOT; };
		6C8A73F51B24D66100AAD04E /* UIKit.framework */ = {isa = PBXFileReference; lastKnownFileType = wrapper.framework; name = UIKit.framework; path = System/Library/Frameworks/UIKit.framework; sourceTree = SDKROOT; };
		6C8A740D1B24D70100AAD04E /* bitstream.c */ = {isa = PBXFileReference; fileEncoding = 4; lastKnownFileType = sourcecode.c.c; path = bitstream.c; sourceTree = "<group>"; };
		6C8A740E1B24D70100AAD04E /* bitstream.h */ = {isa = PBXFileReference; fileEncoding = 4; lastKnownFileType = sourcecode.c.h; path = bitstream.h; sourceTree = "<group>"; };
		6C8A740F1B24D70100AAD04E /* mask.c */ = {isa = PBXFileReference; fileEncoding = 4; lastKnownFileType = sourcecode.c.c; path = mask.c; sourceTree = "<group>"; };
		6C8A74101B24D70100AAD04E /* mask.h */ = {isa = PBXFileReference; fileEncoding = 4; lastKnownFileType = sourcecode.c.h; path = mask.h; sourceTree = "<group>"; };
		6C8A74111B24D70100AAD04E /* qrencode.c */ = {isa = PBXFileReference; fileEncoding = 4; lastKnownFileType = sourcecode.c.c; path = qrencode.c; sourceTree = "<group>"; };
		6C8A74121B24D70100AAD04E /* qrencode.h */ = {isa = PBXFileReference; fileEncoding = 4; lastKnownFileType = sourcecode.c.h; path = qrencode.h; sourceTree = "<group>"; };
		6C8A74131B24D70100AAD04E /* qrinput.c */ = {isa = PBXFileReference; fileEncoding = 4; lastKnownFileType = sourcecode.c.c; path = qrinput.c; sourceTree = "<group>"; };
		6C8A74141B24D70100AAD04E /* qrinput.h */ = {isa = PBXFileReference; fileEncoding = 4; lastKnownFileType = sourcecode.c.h; path = qrinput.h; sourceTree = "<group>"; };
		6C8A74151B24D70100AAD04E /* qrspec.c */ = {isa = PBXFileReference; fileEncoding = 4; lastKnownFileType = sourcecode.c.c; path = qrspec.c; sourceTree = "<group>"; };
		6C8A74161B24D70100AAD04E /* qrspec.h */ = {isa = PBXFileReference; fileEncoding = 4; lastKnownFileType = sourcecode.c.h; path = qrspec.h; sourceTree = "<group>"; };
		6C8A74171B24D70100AAD04E /* rscode.c */ = {isa = PBXFileReference; fileEncoding = 4; lastKnownFileType = sourcecode.c.c; path = rscode.c; sourceTree = "<group>"; };
		6C8A74181B24D70100AAD04E /* rscode.h */ = {isa = PBXFileReference; fileEncoding = 4; lastKnownFileType = sourcecode.c.h; path = rscode.h; sourceTree = "<group>"; };
		6C8A74191B24D70100AAD04E /* split.c */ = {isa = PBXFileReference; fileEncoding = 4; lastKnownFileType = sourcecode.c.c; path = split.c; sourceTree = "<group>"; };
		6C8A741A1B24D70100AAD04E /* split.h */ = {isa = PBXFileReference; fileEncoding = 4; lastKnownFileType = sourcecode.c.h; path = split.h; sourceTree = "<group>"; };
		6C8A74221B24DB0E00AAD04E /* DisplayTicketViewController.h */ = {isa = PBXFileReference; fileEncoding = 4; lastKnownFileType = sourcecode.c.h; path = DisplayTicketViewController.h; sourceTree = "<group>"; };
		6C8A74231B24DB0E00AAD04E /* DisplayTicketViewController.m */ = {isa = PBXFileReference; fileEncoding = 4; lastKnownFileType = sourcecode.c.objc; path = DisplayTicketViewController.m; sourceTree = "<group>"; };
		6C90C64E1B38717100C82735 /* PIKContextManager.h */ = {isa = PBXFileReference; fileEncoding = 4; lastKnownFileType = sourcecode.c.h; path = PIKContextManager.h; sourceTree = "<group>"; };
		6C90C64F1B38717100C82735 /* PIKContextManager.m */ = {isa = PBXFileReference; fileEncoding = 4; lastKnownFileType = sourcecode.c.objc; path = PIKContextManager.m; sourceTree = "<group>"; };
		6C90C6521B3875F700C82735 /* User+Additions.h */ = {isa = PBXFileReference; fileEncoding = 4; lastKnownFileType = sourcecode.c.h; path = "User+Additions.h"; sourceTree = "<group>"; };
		6C90C6531B3875F700C82735 /* User+Additions.m */ = {isa = PBXFileReference; fileEncoding = 4; lastKnownFileType = sourcecode.c.objc; path = "User+Additions.m"; sourceTree = "<group>"; };
		6C90C6551B3876AA00C82735 /* PFObject+PIK.h */ = {isa = PBXFileReference; fileEncoding = 4; lastKnownFileType = sourcecode.c.h; path = "PFObject+PIK.h"; sourceTree = "<group>"; };
		6C90C6561B3876AA00C82735 /* PFObject+PIK.m */ = {isa = PBXFileReference; fileEncoding = 4; lastKnownFileType = sourcecode.c.objc; path = "PFObject+PIK.m"; sourceTree = "<group>"; };
		6C90C6581B3877BD00C82735 /* PIKParseManager.h */ = {isa = PBXFileReference; fileEncoding = 4; lastKnownFileType = sourcecode.c.h; path = PIKParseManager.h; sourceTree = "<group>"; };
		6C90C6591B3877BD00C82735 /* PIKParseManager.m */ = {isa = PBXFileReference; fileEncoding = 4; lastKnownFileType = sourcecode.c.objc; path = PIKParseManager.m; sourceTree = "<group>"; };
		6C90C6611B38787E00C82735 /* Venue+Additions.h */ = {isa = PBXFileReference; fileEncoding = 4; lastKnownFileType = sourcecode.c.h; path = "Venue+Additions.h"; sourceTree = "<group>"; };
		6C90C6621B38787E00C82735 /* Venue+Additions.m */ = {isa = PBXFileReference; fileEncoding = 4; lastKnownFileType = sourcecode.c.objc; path = "Venue+Additions.m"; sourceTree = "<group>"; };
		6C90C66A1B38861E00C82735 /* FetchedCollectionViewContainerViewController.h */ = {isa = PBXFileReference; fileEncoding = 4; lastKnownFileType = sourcecode.c.h; path = FetchedCollectionViewContainerViewController.h; sourceTree = "<group>"; };
		6C90C66B1B38861E00C82735 /* FetchedCollectionViewContainerViewController.m */ = {isa = PBXFileReference; fileEncoding = 4; lastKnownFileType = sourcecode.c.objc; path = FetchedCollectionViewContainerViewController.m; sourceTree = "<group>"; };
		6CA0F7801B212C3900DF867D /* loginBG.jpg */ = {isa = PBXFileReference; lastKnownFileType = image.jpeg; path = loginBG.jpg; sourceTree = "<group>"; };
		6CB4A4311B3CC9AB00121975 /* Event+Additions.h */ = {isa = PBXFileReference; fileEncoding = 4; lastKnownFileType = sourcecode.c.h; path = "Event+Additions.h"; sourceTree = "<group>"; };
		6CB4A4321B3CC9AB00121975 /* Event+Additions.m */ = {isa = PBXFileReference; fileEncoding = 4; lastKnownFileType = sourcecode.c.objc; path = "Event+Additions.m"; sourceTree = "<group>"; };
		6CB4A4431B3CD97800121975 /* Event.h */ = {isa = PBXFileReference; fileEncoding = 4; lastKnownFileType = sourcecode.c.h; path = Event.h; sourceTree = "<group>"; };
		6CB4A4441B3CD97800121975 /* Event.m */ = {isa = PBXFileReference; fileEncoding = 4; lastKnownFileType = sourcecode.c.objc; path = Event.m; sourceTree = "<group>"; };
		6CB4A4461B3CD97900121975 /* User.h */ = {isa = PBXFileReference; fileEncoding = 4; lastKnownFileType = sourcecode.c.h; path = User.h; sourceTree = "<group>"; };
		6CB4A4471B3CD97900121975 /* User.m */ = {isa = PBXFileReference; fileEncoding = 4; lastKnownFileType = sourcecode.c.objc; path = User.m; sourceTree = "<group>"; };
		6CB4A4491B3CD97900121975 /* Venue.h */ = {isa = PBXFileReference; fileEncoding = 4; lastKnownFileType = sourcecode.c.h; path = Venue.h; sourceTree = "<group>"; };
		6CB4A44A1B3CD97900121975 /* Venue.m */ = {isa = PBXFileReference; fileEncoding = 4; lastKnownFileType = sourcecode.c.objc; path = Venue.m; sourceTree = "<group>"; };
		6CB4A44C1B3CD97900121975 /* Ticket.h */ = {isa = PBXFileReference; fileEncoding = 4; lastKnownFileType = sourcecode.c.h; path = Ticket.h; sourceTree = "<group>"; };
		6CB4A44D1B3CD97900121975 /* Ticket.m */ = {isa = PBXFileReference; fileEncoding = 4; lastKnownFileType = sourcecode.c.objc; path = Ticket.m; sourceTree = "<group>"; };
		6CB4A44F1B3CD97900121975 /* Order.h */ = {isa = PBXFileReference; fileEncoding = 4; lastKnownFileType = sourcecode.c.h; path = Order.h; sourceTree = "<group>"; };
		6CB4A4501B3CD97900121975 /* Order.m */ = {isa = PBXFileReference; fileEncoding = 4; lastKnownFileType = sourcecode.c.objc; path = Order.m; sourceTree = "<group>"; };
		6CB8641F1B52189C00E2838A /* SheffieldLocation.gpx */ = {isa = PBXFileReference; lastKnownFileType = text.xml; path = SheffieldLocation.gpx; sourceTree = "<group>"; };
		6CB864231B55BE5100E2838A /* MoreTabViewController.h */ = {isa = PBXFileReference; fileEncoding = 4; lastKnownFileType = sourcecode.c.h; path = MoreTabViewController.h; sourceTree = "<group>"; };
		6CB864241B55BE5100E2838A /* MoreTabViewController.m */ = {isa = PBXFileReference; fileEncoding = 4; lastKnownFileType = sourcecode.c.objc; path = MoreTabViewController.m; sourceTree = "<group>"; };
		6CB864261B55BEA400E2838A /* MoreContainerViewController.h */ = {isa = PBXFileReference; fileEncoding = 4; lastKnownFileType = sourcecode.c.h; path = MoreContainerViewController.h; sourceTree = "<group>"; };
		6CB864271B55BEA400E2838A /* MoreContainerViewController.m */ = {isa = PBXFileReference; fileEncoding = 4; lastKnownFileType = sourcecode.c.objc; path = MoreContainerViewController.m; sourceTree = "<group>"; };
		6CC098F41AFEBE120089E4B7 /* Vibez-Bridging-Header.h */ = {isa = PBXFileReference; lastKnownFileType = sourcecode.c.h; path = "Vibez-Bridging-Header.h"; sourceTree = "<group>"; };
		6CC098F91AFEC3DF0089E4B7 /* ADVSegmentedControl.swift */ = {isa = PBXFileReference; fileEncoding = 4; lastKnownFileType = sourcecode.swift; path = ADVSegmentedControl.swift; sourceTree = "<group>"; };
		6CD58E041ADED8B800CDBC29 /* Social.framework */ = {isa = PBXFileReference; lastKnownFileType = wrapper.framework; name = Social.framework; path = System/Library/Frameworks/Social.framework; sourceTree = SDKROOT; };
		6CD58E061ADED8BD00CDBC29 /* Accounts.framework */ = {isa = PBXFileReference; lastKnownFileType = wrapper.framework; name = Accounts.framework; path = System/Library/Frameworks/Accounts.framework; sourceTree = SDKROOT; };
		6CDBAF831B4F416400ED75CD /* RKDropdownAlert.m */ = {isa = PBXFileReference; fileEncoding = 4; lastKnownFileType = sourcecode.c.objc; path = RKDropdownAlert.m; sourceTree = "<group>"; };
		6CDBAF841B4F416400ED75CD /* RKDropdownAlert.h */ = {isa = PBXFileReference; fileEncoding = 4; lastKnownFileType = sourcecode.c.h; path = RKDropdownAlert.h; sourceTree = "<group>"; };
		6CDBAF8A1B4F4AEC00ED75CD /* TicketsViewController.h */ = {isa = PBXFileReference; fileEncoding = 4; lastKnownFileType = sourcecode.c.h; path = TicketsViewController.h; sourceTree = "<group>"; };
		6CDBAF8B1B4F4AEC00ED75CD /* TicketsViewController.m */ = {isa = PBXFileReference; fileEncoding = 4; lastKnownFileType = sourcecode.c.objc; path = TicketsViewController.m; sourceTree = "<group>"; };
		6CEF066B1B49AFB0001F1E7C /* Montserrat-Bold.otf */ = {isa = PBXFileReference; lastKnownFileType = file; path = "Montserrat-Bold.otf"; sourceTree = "<group>"; };
		6CEF066C1B49AFB0001F1E7C /* Montserrat-Regular.otf */ = {isa = PBXFileReference; lastKnownFileType = file; path = "Montserrat-Regular.otf"; sourceTree = "<group>"; };
		6CEF06721B49B0EB001F1E7C /* UIFont+PIK.h */ = {isa = PBXFileReference; fileEncoding = 4; lastKnownFileType = sourcecode.c.h; path = "UIFont+PIK.h"; sourceTree = "<group>"; };
		6CEF06731B49B0EB001F1E7C /* UIFont+PIK.m */ = {isa = PBXFileReference; fileEncoding = 4; lastKnownFileType = sourcecode.c.objc; path = "UIFont+PIK.m"; sourceTree = "<group>"; };
		6CEF06751B4A1E48001F1E7C /* VibezTabBarController.h */ = {isa = PBXFileReference; fileEncoding = 4; lastKnownFileType = sourcecode.c.h; path = VibezTabBarController.h; sourceTree = "<group>"; };
		6CEF06761B4A1E48001F1E7C /* VibezTabBarController.m */ = {isa = PBXFileReference; fileEncoding = 4; lastKnownFileType = sourcecode.c.objc; path = VibezTabBarController.m; sourceTree = "<group>"; };
		6CEF06781B4B6D4A001F1E7C /* TicketsFetchedTableViewController.h */ = {isa = PBXFileReference; fileEncoding = 4; lastKnownFileType = sourcecode.c.h; path = TicketsFetchedTableViewController.h; sourceTree = "<group>"; };
		6CEF06791B4B6D4A001F1E7C /* TicketsFetchedTableViewController.m */ = {isa = PBXFileReference; fileEncoding = 4; lastKnownFileType = sourcecode.c.objc; path = TicketsFetchedTableViewController.m; sourceTree = "<group>"; };
		6CEF067B1B4CA0C0001F1E7C /* NSString+PIK.h */ = {isa = PBXFileReference; fileEncoding = 4; lastKnownFileType = sourcecode.c.h; path = "NSString+PIK.h"; sourceTree = "<group>"; };
		6CEF067C1B4CA0C0001F1E7C /* NSString+PIK.m */ = {isa = PBXFileReference; fileEncoding = 4; lastKnownFileType = sourcecode.c.objc; path = "NSString+PIK.m"; sourceTree = "<group>"; };
		6CEF067E1B4CB7AF001F1E7C /* ticket.jpg */ = {isa = PBXFileReference; lastKnownFileType = image.jpeg; path = ticket.jpg; sourceTree = "<group>"; };
		6D0ECC5C9F4AE10CBA0EFE6C /* Pods.release.xcconfig */ = {isa = PBXFileReference; includeInIndex = 1; lastKnownFileType = text.xcconfig; name = Pods.release.xcconfig; path = "Pods/Target Support Files/Pods/Pods.release.xcconfig"; sourceTree = "<group>"; };
		B17B9CC57D0D36B97F73DA76 /* libPods.a */ = {isa = PBXFileReference; explicitFileType = archive.ar; includeInIndex = 0; path = libPods.a; sourceTree = BUILT_PRODUCTS_DIR; };
/* End PBXFileReference section */

/* Begin PBXFrameworksBuildPhase section */
		6C1E55AE1ACF08D9003965A0 /* Frameworks */ = {
			isa = PBXFrameworksBuildPhase;
			buildActionMask = 2147483647;
			files = (
				6C8A73F61B24D66100AAD04E /* UIKit.framework in Frameworks */,
				6C8A73F41B24D5BE00AAD04E /* Foundation.framework in Frameworks */,
				6CD58E071ADED8BD00CDBC29 /* Accounts.framework in Frameworks */,
				6CD58E051ADED8B800CDBC29 /* Social.framework in Frameworks */,
				6C0A4A2D1ACF120F004818F1 /* libsqlite3.dylib in Frameworks */,
				6C79FF6F1B28B2A4006293C9 /* Bolts.framework in Frameworks */,
				6C79FF701B28B2A4006293C9 /* Parse.framework in Frameworks */,
				6C79FF711B28B2A4006293C9 /* ParseFacebookUtilsV4.framework in Frameworks */,
				6C0A4A2B1ACF11E6004818F1 /* AVFoundation.framework in Frameworks */,
				6C0A4A2F1ACF126E004818F1 /* MapKit.framework in Frameworks */,
				6C7C97211AE45AC4001EE1FD /* FBSDKCoreKit.framework in Frameworks */,
				6C7C97231AE45AC4001EE1FD /* FBSDKShareKit.framework in Frameworks */,
				6C0A4A1B1ACF1113004818F1 /* CoreLocation.framework in Frameworks */,
				6C0A4A1F1ACF111E004818F1 /* QuartzCore.framework in Frameworks */,
				6C0A4A271ACF1137004818F1 /* libz.dylib in Frameworks */,
				6C7C97221AE45AC4001EE1FD /* FBSDKLoginKit.framework in Frameworks */,
				6C0A4A251ACF1132004818F1 /* SystemConfiguration.framework in Frameworks */,
				6C0A4A231ACF112D004818F1 /* StoreKit.framework in Frameworks */,
				6C0A4A211ACF1127004818F1 /* Security.framework in Frameworks */,
				6C0A4A1D1ACF1119004818F1 /* MobileCoreServices.framework in Frameworks */,
				6C0A4A191ACF110E004818F1 /* CoreGraphics.framework in Frameworks */,
				6C0A4A171ACF1107004818F1 /* CFNetwork.framework in Frameworks */,
				6C0A4A151ACF10EC004818F1 /* AudioToolbox.framework in Frameworks */,
				4EFB60E3B08CBB7F2BF7964A /* libPods.a in Frameworks */,
			);
			runOnlyForDeploymentPostprocessing = 0;
		};
		6C1E55C71ACF08D9003965A0 /* Frameworks */ = {
			isa = PBXFrameworksBuildPhase;
			buildActionMask = 2147483647;
			files = (
			);
			runOnlyForDeploymentPostprocessing = 0;
		};
/* End PBXFrameworksBuildPhase section */

/* Begin PBXGroup section */
		6C1E55A81ACF08D9003965A0 = {
			isa = PBXGroup;
			children = (
				6C1E55B31ACF08D9003965A0 /* Vibez */,
				6C1E55CD1ACF08D9003965A0 /* VibezTests */,
				6C1E55B21ACF08D9003965A0 /* Products */,
				E047776E4EB0C3D7FB89BE82 /* Pods */,
				EFC515811E31CF4B6BEC1045 /* Frameworks */,
			);
			sourceTree = "<group>";
		};
		6C1E55B21ACF08D9003965A0 /* Products */ = {
			isa = PBXGroup;
			children = (
				6C1E55B11ACF08D9003965A0 /* Vibez.app */,
				6C1E55CA1ACF08D9003965A0 /* VibezTests.xctest */,
			);
			name = Products;
			sourceTree = "<group>";
		};
		6C1E55B31ACF08D9003965A0 /* Vibez */ = {
			isa = PBXGroup;
			children = (
				6C90C6581B3877BD00C82735 /* PIKParseManager.h */,
				6C90C6591B3877BD00C82735 /* PIKParseManager.m */,
				6C90C64C1B38708C00C82735 /* Core Data */,
				6C79FF721B28B3D9006293C9 /* Categories */,
				6CD58E081ADED8FA00CDBC29 /* App Delegate */,
				6C37D2381AE079240078154E /* Customs */,
				6C3471591AE46EEC00FC789A /* Classes */,
				6C37D2371AE079180078154E /* Objects */,
				6CD58E091ADED90400CDBC29 /* Interface */,
				6CD58E0A1ADED90D00CDBC29 /* View Controllers */,
				6C1E55C11ACF08D9003965A0 /* Images.xcassets */,
				6C1E55B41ACF08D9003965A0 /* Supporting Files */,
			);
			path = Vibez;
			sourceTree = "<group>";
		};
		6C1E55B41ACF08D9003965A0 /* Supporting Files */ = {
			isa = PBXGroup;
			children = (
				6CEF066A1B49AF85001F1E7C /* Fonts */,
				6C3471631AE481A100FC789A /* Images */,
				6C1E55B51ACF08D9003965A0 /* Info.plist */,
				6C1E55B61ACF08D9003965A0 /* main.m */,
				6C79FF761B28B49A006293C9 /* PrefixHeader.pch */,
			);
			name = "Supporting Files";
			sourceTree = "<group>";
		};
		6C1E55CD1ACF08D9003965A0 /* VibezTests */ = {
			isa = PBXGroup;
			children = (
				6C1E55D01ACF08D9003965A0 /* VibezTests.m */,
				6C1E55CE1ACF08D9003965A0 /* Supporting Files */,
			);
			path = VibezTests;
			sourceTree = "<group>";
		};
		6C1E55CE1ACF08D9003965A0 /* Supporting Files */ = {
			isa = PBXGroup;
			children = (
				6C1E55CF1ACF08D9003965A0 /* Info.plist */,
			);
			name = "Supporting Files";
			sourceTree = "<group>";
		};
		6C3471591AE46EEC00FC789A /* Classes */ = {
			isa = PBXGroup;
			children = (
				6C3471641AE481B700FC789A /* Validation */,
				6C34715A1AE46EF300FC789A /* Account */,
			);
			name = Classes;
			sourceTree = "<group>";
		};
		6C34715A1AE46EF300FC789A /* Account */ = {
			isa = PBXGroup;
			children = (
				6C34715B1AE46F2500FC789A /* AccountController.h */,
				6C34715C1AE46F2500FC789A /* AccountController.m */,
			);
			name = Account;
			sourceTree = "<group>";
		};
		6C3471631AE481A100FC789A /* Images */ = {
			isa = PBXGroup;
			children = (
				6CEF067E1B4CB7AF001F1E7C /* ticket.jpg */,
				6CA0F7801B212C3900DF867D /* loginBG.jpg */,
				6C066FBE1B1BAEEF009EA34D /* first_normal.png */,
				6C066FBF1B1BAEEF009EA34D /* first_normal@2x.png */,
				6C066FC01B1BAEEF009EA34D /* first_selected.png */,
				6C066FC11B1BAEEF009EA34D /* first_selected@2x.png */,
				6C066FC21B1BAEEF009EA34D /* navigationbar_background_tall.png */,
				6C066FC31B1BAEEF009EA34D /* navigationbar_background_tall@2x.png */,
				6C066FC41B1BAEEF009EA34D /* navigationbar_background.png */,
				6C066FC51B1BAEEF009EA34D /* navigationbar_background@2x.png */,
				6C066FC61B1BAEEF009EA34D /* second_normal.png */,
				6C066FC71B1BAEEF009EA34D /* second_normal@2x.png */,
				6C066FC81B1BAEEF009EA34D /* second_selected.png */,
				6C066FC91B1BAEEF009EA34D /* second_selected@2x.png */,
				6C066FCA1B1BAEEF009EA34D /* tabbar_normal_background.png */,
				6C066FCB1B1BAEEF009EA34D /* tabbar_normal_background@2x.png */,
				6C066FCC1B1BAEEF009EA34D /* tabbar_selected_background.png */,
				6C066FCD1B1BAEEF009EA34D /* tabbar_selected_background@2x.png */,
				6C066FCE1B1BAEEF009EA34D /* third_normal.png */,
				6C066FCF1B1BAEEF009EA34D /* third_normal@2x.png */,
				6C066FD01B1BAEEF009EA34D /* third_selected.png */,
				6C066FD11B1BAEEF009EA34D /* third_selected@2x.png */,
				6C288E911AF5814A001D44C1 /* plug.jpg */,
				6C34715E1AE4818A00FC789A /* error@2x.png */,
			);
			name = Images;
			sourceTree = "<group>";
		};
		6C3471641AE481B700FC789A /* Validation */ = {
			isa = PBXGroup;
			children = (
				6C7BD75B1AEB31290092483F /* Validator.h */,
				6C7BD75C1AEB31290092483F /* Validator.m */,
			);
			name = Validation;
			sourceTree = "<group>";
		};
		6C37D22F1AE078470078154E /* Profile Controllers */ = {
			isa = PBXGroup;
			children = (
				6C37D22C1AE062920078154E /* LoginViewController.h */,
				6C37D22D1AE062920078154E /* LoginViewController.m */,
				6C37D2311AE078840078154E /* SignUpViewController.h */,
				6C37D2321AE078840078154E /* SignUpViewController.m */,
			);
			name = "Profile Controllers";
			sourceTree = "<group>";
		};
		6C37D2371AE079180078154E /* Objects */ = {
			isa = PBXGroup;
			children = (
				6C7BD7641AEC2BC00092483F /* DataSources */,
			);
			name = Objects;
			sourceTree = "<group>";
		};
		6C37D2381AE079240078154E /* Customs */ = {
			isa = PBXGroup;
			children = (
				6CDBAF821B4F415500ED75CD /* Alert */,
				6C79FF681B28940A006293C9 /* Swift */,
				6C8A73ED1B24D4E900AAD04E /* QR */,
				6C8A73EC1B24D4D600AAD04E /* Tab Bar */,
				6C8A73EB1B24D4C600AAD04E /* Cells */,
			);
			name = Customs;
			sourceTree = "<group>";
		};
		6C37D2391AE079540078154E /* Reusable Classes */ = {
			isa = PBXGroup;
			children = (
				6C37D23A1AE079820078154E /* GlobalViewController.h */,
				6C37D23B1AE079820078154E /* GlobalViewController.m */,
			);
			name = "Reusable Classes";
			sourceTree = "<group>";
		};
		6C37D2491AE0856F0078154E /* Transaction Controllers */ = {
			isa = PBXGroup;
			children = (
				6C37D24E1AE087B30078154E /* BuyTicketViewController.h */,
				6C37D24F1AE087B30078154E /* BuyTicketViewController.m */,
			);
			name = "Transaction Controllers";
			sourceTree = "<group>";
		};
		6C37D24A1AE0858A0078154E /* General */ = {
			isa = PBXGroup;
			children = (
				6CDBAF861B4F4A4F00ED75CD /* What's On */,
				6CDBAF871B4F4A5700ED75CD /* Tickets */,
				6CDBAF891B4F4A8A00ED75CD /* More */,
			);
			name = General;
			sourceTree = "<group>";
		};
		6C60B0991B2F906D004632C0 /* Table */ = {
			isa = PBXGroup;
			children = (
				6C79FF881B2A66F2006293C9 /* TicketDataSource.h */,
				6C79FF891B2A66F2006293C9 /* TicketDataSource.m */,
			);
			name = Table;
			sourceTree = "<group>";
		};
		6C60B09A1B2F9073004632C0 /* Collection */ = {
			isa = PBXGroup;
			children = (
				6C7BD7611AEC2A5B0092483F /* EventDataSource.h */,
				6C7BD7621AEC2A5B0092483F /* EventDataSource.m */,
				6C7BD7651AEC2C9D0092483F /* VenueDataSource.h */,
				6C7BD7661AEC2C9D0092483F /* VenueDataSource.m */,
			);
			name = Collection;
			sourceTree = "<group>";
		};
		6C79FF681B28940A006293C9 /* Swift */ = {
			isa = PBXGroup;
			children = (
				6CC098F41AFEBE120089E4B7 /* Vibez-Bridging-Header.h */,
				6CC098F91AFEC3DF0089E4B7 /* ADVSegmentedControl.swift */,
			);
			name = Swift;
			sourceTree = "<group>";
		};
		6C79FF721B28B3D9006293C9 /* Categories */ = {
			isa = PBXGroup;
			children = (
				6C79FF731B28B40C006293C9 /* UIColor+Piktu.h */,
				6C79FF741B28B40C006293C9 /* UIColor+Piktu.m */,
				6C90C6551B3876AA00C82735 /* PFObject+PIK.h */,
				6C90C6561B3876AA00C82735 /* PFObject+PIK.m */,
				6CEF06721B49B0EB001F1E7C /* UIFont+PIK.h */,
				6CEF06731B49B0EB001F1E7C /* UIFont+PIK.m */,
				6CEF067B1B4CA0C0001F1E7C /* NSString+PIK.h */,
				6CEF067C1B4CA0C0001F1E7C /* NSString+PIK.m */,
			);
			name = Categories;
			sourceTree = "<group>";
		};
		6C79FF801B2A5565006293C9 /* Collection */ = {
			isa = PBXGroup;
			children = (
				6C37D23D1AE07A5F0078154E /* EventCollectionViewCell.h */,
				6C37D23E1AE07A5F0078154E /* EventCollectionViewCell.m */,
				6C37D2401AE07A720078154E /* VenueCollectionViewCell.h */,
				6C37D2411AE07A720078154E /* VenueCollectionViewCell.m */,
			);
			name = Collection;
			sourceTree = "<group>";
		};
		6C79FF811B2A556B006293C9 /* Table */ = {
			isa = PBXGroup;
			children = (
				6C79FF851B2A66B9006293C9 /* TicketTableViewCell.h */,
				6C79FF861B2A66B9006293C9 /* TicketTableViewCell.m */,
			);
			name = Table;
			sourceTree = "<group>";
		};
		6C7BD7641AEC2BC00092483F /* DataSources */ = {
			isa = PBXGroup;
			children = (
				6C60B0991B2F906D004632C0 /* Table */,
				6C60B09A1B2F9073004632C0 /* Collection */,
			);
			name = DataSources;
			sourceTree = "<group>";
		};
		6C8A73EB1B24D4C600AAD04E /* Cells */ = {
			isa = PBXGroup;
			children = (
				6C79FF811B2A556B006293C9 /* Table */,
				6C79FF801B2A5565006293C9 /* Collection */,
			);
			name = Cells;
			sourceTree = "<group>";
		};
		6C8A73EC1B24D4D600AAD04E /* Tab Bar */ = {
			isa = PBXGroup;
			children = (
				6C066FE91B1CD684009EA34D /* TransitionTabBarController.h */,
				6C066FEA1B1CD684009EA34D /* TransitionTabBarController.m */,
				6CEF06751B4A1E48001F1E7C /* VibezTabBarController.h */,
				6CEF06761B4A1E48001F1E7C /* VibezTabBarController.m */,
			);
			name = "Tab Bar";
			sourceTree = "<group>";
		};
		6C8A73ED1B24D4E900AAD04E /* QR */ = {
			isa = PBXGroup;
			children = (
				6C8A73F71B24D69D00AAD04E /* libqrencode */,
				6C8A73EF1B24D4F300AAD04E /* UIImage+MDQRCode.h */,
				6C8A73F01B24D4F300AAD04E /* UIImage+MDQRCode.m */,
			);
			name = QR;
			sourceTree = "<group>";
		};
		6C8A73F71B24D69D00AAD04E /* libqrencode */ = {
			isa = PBXGroup;
			children = (
				6C8A740D1B24D70100AAD04E /* bitstream.c */,
				6C8A740E1B24D70100AAD04E /* bitstream.h */,
				6C8A740F1B24D70100AAD04E /* mask.c */,
				6C8A74101B24D70100AAD04E /* mask.h */,
				6C8A74111B24D70100AAD04E /* qrencode.c */,
				6C8A74121B24D70100AAD04E /* qrencode.h */,
				6C8A74131B24D70100AAD04E /* qrinput.c */,
				6C8A74141B24D70100AAD04E /* qrinput.h */,
				6C8A74151B24D70100AAD04E /* qrspec.c */,
				6C8A74161B24D70100AAD04E /* qrspec.h */,
				6C8A74171B24D70100AAD04E /* rscode.c */,
				6C8A74181B24D70100AAD04E /* rscode.h */,
				6C8A74191B24D70100AAD04E /* split.c */,
				6C8A741A1B24D70100AAD04E /* split.h */,
			);
			name = libqrencode;
			sourceTree = "<group>";
		};
		6C90C64C1B38708C00C82735 /* Core Data */ = {
			isa = PBXGroup;
			children = (
				6C90C6511B3875D100C82735 /* Categories */,
				6C90C64E1B38717100C82735 /* PIKContextManager.h */,
				6C90C64F1B38717100C82735 /* PIKContextManager.m */,
				6C90C64D1B38709A00C82735 /* Managed Objects */,
				6C60B0A41B3482DD004632C0 /* Vibez.xcdatamodeld */,
			);
			name = "Core Data";
			sourceTree = "<group>";
		};
		6C90C64D1B38709A00C82735 /* Managed Objects */ = {
			isa = PBXGroup;
			children = (
				6CB4A44F1B3CD97900121975 /* Order.h */,
				6CB4A4501B3CD97900121975 /* Order.m */,
				6CB4A44C1B3CD97900121975 /* Ticket.h */,
				6CB4A44D1B3CD97900121975 /* Ticket.m */,
				6CB4A4491B3CD97900121975 /* Venue.h */,
				6CB4A44A1B3CD97900121975 /* Venue.m */,
				6CB4A4461B3CD97900121975 /* User.h */,
				6CB4A4471B3CD97900121975 /* User.m */,
				6CB4A4431B3CD97800121975 /* Event.h */,
				6CB4A4441B3CD97800121975 /* Event.m */,
			);
			name = "Managed Objects";
			sourceTree = "<group>";
		};
		6C90C6511B3875D100C82735 /* Categories */ = {
			isa = PBXGroup;
			children = (
				6C90C6521B3875F700C82735 /* User+Additions.h */,
				6C90C6531B3875F700C82735 /* User+Additions.m */,
				6C90C6611B38787E00C82735 /* Venue+Additions.h */,
				6C90C6621B38787E00C82735 /* Venue+Additions.m */,
				6CB4A4311B3CC9AB00121975 /* Event+Additions.h */,
				6CB4A4321B3CC9AB00121975 /* Event+Additions.m */,
			);
			name = Categories;
			sourceTree = "<group>";
		};
		6CD58E081ADED8FA00CDBC29 /* App Delegate */ = {
			isa = PBXGroup;
			children = (
				6C1E55B81ACF08D9003965A0 /* AppDelegate.h */,
				6C1E55B91ACF08D9003965A0 /* AppDelegate.m */,
			);
			name = "App Delegate";
			sourceTree = "<group>";
		};
		6CD58E091ADED90400CDBC29 /* Interface */ = {
			isa = PBXGroup;
			children = (
				6C1E55BE1ACF08D9003965A0 /* Main.storyboard */,
				6C1E55C31ACF08D9003965A0 /* LaunchScreen.xib */,
			);
			name = Interface;
			sourceTree = "<group>";
		};
		6CD58E0A1ADED90D00CDBC29 /* View Controllers */ = {
			isa = PBXGroup;
			children = (
				6C37D24A1AE0858A0078154E /* General */,
				6C37D2491AE0856F0078154E /* Transaction Controllers */,
				6C37D2391AE079540078154E /* Reusable Classes */,
				6C37D22F1AE078470078154E /* Profile Controllers */,
			);
			name = "View Controllers";
			sourceTree = "<group>";
		};
		6CDBAF821B4F415500ED75CD /* Alert */ = {
			isa = PBXGroup;
			children = (
				6CDBAF841B4F416400ED75CD /* RKDropdownAlert.h */,
				6CDBAF831B4F416400ED75CD /* RKDropdownAlert.m */,
			);
			name = Alert;
			sourceTree = "<group>";
		};
		6CDBAF861B4F4A4F00ED75CD /* What's On */ = {
			isa = PBXGroup;
			children = (
				6C066FE61B1CA960009EA34D /* WhatsOnViewController.h */,
				6C066FE71B1CA960009EA34D /* WhatsOnViewController.m */,
				6CB8641F1B52189C00E2838A /* SheffieldLocation.gpx */,
				6C90C66A1B38861E00C82735 /* FetchedCollectionViewContainerViewController.h */,
				6C90C66B1B38861E00C82735 /* FetchedCollectionViewContainerViewController.m */,
				6C37D2461AE085130078154E /* EventInfoViewController.h */,
				6C37D2471AE085130078154E /* EventInfoViewController.m */,
				6C37D2431AE083ED0078154E /* VenueInfoViewController.h */,
				6C37D2441AE083ED0078154E /* VenueInfoViewController.m */,
			);
			name = "What's On";
			sourceTree = "<group>";
		};
		6CDBAF871B4F4A5700ED75CD /* Tickets */ = {
			isa = PBXGroup;
			children = (
				6CDBAF8A1B4F4AEC00ED75CD /* TicketsViewController.h */,
				6CDBAF8B1B4F4AEC00ED75CD /* TicketsViewController.m */,
				6C8A74221B24DB0E00AAD04E /* DisplayTicketViewController.h */,
				6C8A74231B24DB0E00AAD04E /* DisplayTicketViewController.m */,
				6CEF06781B4B6D4A001F1E7C /* TicketsFetchedTableViewController.h */,
				6CEF06791B4B6D4A001F1E7C /* TicketsFetchedTableViewController.m */,
			);
			name = Tickets;
			sourceTree = "<group>";
		};
		6CDBAF891B4F4A8A00ED75CD /* More */ = {
			isa = PBXGroup;
			children = (
				6C066FBB1B1B9EB3009EA34D /* SettingsTabViewController.h */,
				6C066FBC1B1B9EB3009EA34D /* SettingsTabViewController.m */,
				6CB864231B55BE5100E2838A /* MoreTabViewController.h */,
				6CB864241B55BE5100E2838A /* MoreTabViewController.m */,
				6CB864261B55BEA400E2838A /* MoreContainerViewController.h */,
				6CB864271B55BEA400E2838A /* MoreContainerViewController.m */,
			);
			name = More;
			sourceTree = "<group>";
		};
		6CEF066A1B49AF85001F1E7C /* Fonts */ = {
			isa = PBXGroup;
			children = (
				6CEF066B1B49AFB0001F1E7C /* Montserrat-Bold.otf */,
				6CEF066C1B49AFB0001F1E7C /* Montserrat-Regular.otf */,
			);
			name = Fonts;
			sourceTree = "<group>";
		};
		E047776E4EB0C3D7FB89BE82 /* Pods */ = {
			isa = PBXGroup;
			children = (
				1F3B4DCC358B802FE7FB6BBF /* Pods.debug.xcconfig */,
				6D0ECC5C9F4AE10CBA0EFE6C /* Pods.release.xcconfig */,
			);
			name = Pods;
			sourceTree = "<group>";
		};
		EFC515811E31CF4B6BEC1045 /* Frameworks */ = {
			isa = PBXGroup;
			children = (
				6C79FF6C1B28B2A4006293C9 /* Bolts.framework */,
				6C79FF6D1B28B2A4006293C9 /* Parse.framework */,
				6C79FF6E1B28B2A4006293C9 /* ParseFacebookUtilsV4.framework */,
				6C8A73F51B24D66100AAD04E /* UIKit.framework */,
				6C8A73F31B24D5BE00AAD04E /* Foundation.framework */,
				6C7C971E1AE45AC4001EE1FD /* FBSDKCoreKit.framework */,
				6C7C971F1AE45AC4001EE1FD /* FBSDKLoginKit.framework */,
				6C7C97201AE45AC4001EE1FD /* FBSDKShareKit.framework */,
				6CD58E061ADED8BD00CDBC29 /* Accounts.framework */,
				6CD58E041ADED8B800CDBC29 /* Social.framework */,
				6C0A4A2E1ACF126E004818F1 /* MapKit.framework */,
				6C0A4A2C1ACF120F004818F1 /* libsqlite3.dylib */,
				6C0A4A2A1ACF11E6004818F1 /* AVFoundation.framework */,
				6C0A4A261ACF1137004818F1 /* libz.dylib */,
				6C0A4A241ACF1132004818F1 /* SystemConfiguration.framework */,
				6C0A4A221ACF112D004818F1 /* StoreKit.framework */,
				6C0A4A201ACF1127004818F1 /* Security.framework */,
				6C0A4A1E1ACF111E004818F1 /* QuartzCore.framework */,
				6C0A4A1C1ACF1119004818F1 /* MobileCoreServices.framework */,
				6C0A4A1A1ACF1113004818F1 /* CoreLocation.framework */,
				6C0A4A181ACF110E004818F1 /* CoreGraphics.framework */,
				6C0A4A161ACF1107004818F1 /* CFNetwork.framework */,
				6C0A4A141ACF10EC004818F1 /* AudioToolbox.framework */,
				B17B9CC57D0D36B97F73DA76 /* libPods.a */,
			);
			name = Frameworks;
			sourceTree = "<group>";
		};
/* End PBXGroup section */

/* Begin PBXNativeTarget section */
		6C1E55B01ACF08D9003965A0 /* Vibez */ = {
			isa = PBXNativeTarget;
			buildConfigurationList = 6C1E55D41ACF08D9003965A0 /* Build configuration list for PBXNativeTarget "Vibez" */;
			buildPhases = (
				E094460845974A5080B80544 /* Check Pods Manifest.lock */,
				6C1E55AD1ACF08D9003965A0 /* Sources */,
				6C1E55AE1ACF08D9003965A0 /* Frameworks */,
				6C1E55AF1ACF08D9003965A0 /* Resources */,
				5A59E8E09BDF5F4263C37312 /* Copy Pods Resources */,
			);
			buildRules = (
			);
			dependencies = (
			);
			name = Vibez;
			productName = Vibez;
			productReference = 6C1E55B11ACF08D9003965A0 /* Vibez.app */;
			productType = "com.apple.product-type.application";
		};
		6C1E55C91ACF08D9003965A0 /* VibezTests */ = {
			isa = PBXNativeTarget;
			buildConfigurationList = 6C1E55D71ACF08D9003965A0 /* Build configuration list for PBXNativeTarget "VibezTests" */;
			buildPhases = (
				6C1E55C61ACF08D9003965A0 /* Sources */,
				6C1E55C71ACF08D9003965A0 /* Frameworks */,
				6C1E55C81ACF08D9003965A0 /* Resources */,
			);
			buildRules = (
			);
			dependencies = (
				6C1E55CC1ACF08D9003965A0 /* PBXTargetDependency */,
			);
			name = VibezTests;
			productName = VibezTests;
			productReference = 6C1E55CA1ACF08D9003965A0 /* VibezTests.xctest */;
			productType = "com.apple.product-type.bundle.unit-test";
		};
/* End PBXNativeTarget section */

/* Begin PBXProject section */
		6C1E55A91ACF08D9003965A0 /* Project object */ = {
			isa = PBXProject;
			attributes = {
				LastUpgradeCheck = 0620;
				ORGANIZATIONNAME = Pikture;
				TargetAttributes = {
					6C1E55B01ACF08D9003965A0 = {
						CreatedOnToolsVersion = 6.2;
						SystemCapabilities = {
							com.apple.Maps.iOS = {
								enabled = 1;
							};
						};
					};
					6C1E55C91ACF08D9003965A0 = {
						CreatedOnToolsVersion = 6.2;
						TestTargetID = 6C1E55B01ACF08D9003965A0;
					};
				};
			};
			buildConfigurationList = 6C1E55AC1ACF08D9003965A0 /* Build configuration list for PBXProject "Vibez" */;
			compatibilityVersion = "Xcode 3.2";
			developmentRegion = English;
			hasScannedForEncodings = 0;
			knownRegions = (
				en,
				Base,
			);
			mainGroup = 6C1E55A81ACF08D9003965A0;
			productRefGroup = 6C1E55B21ACF08D9003965A0 /* Products */;
			projectDirPath = "";
			projectRoot = "";
			targets = (
				6C1E55B01ACF08D9003965A0 /* Vibez */,
				6C1E55C91ACF08D9003965A0 /* VibezTests */,
			);
		};
/* End PBXProject section */

/* Begin PBXResourcesBuildPhase section */
		6C1E55AF1ACF08D9003965A0 /* Resources */ = {
			isa = PBXResourcesBuildPhase;
			buildActionMask = 2147483647;
			files = (
				6C1E55C01ACF08D9003965A0 /* Main.storyboard in Resources */,
				6C066FD21B1BAEEF009EA34D /* first_normal.png in Resources */,
				6C066FDA1B1BAEEF009EA34D /* second_normal.png in Resources */,
				6C066FD91B1BAEEF009EA34D /* navigationbar_background@2x.png in Resources */,
				6C066FDE1B1BAEEF009EA34D /* tabbar_normal_background.png in Resources */,
				6C066FD61B1BAEEF009EA34D /* navigationbar_background_tall.png in Resources */,
				6C066FD71B1BAEEF009EA34D /* navigationbar_background_tall@2x.png in Resources */,
				6C066FE31B1BAEEF009EA34D /* third_normal@2x.png in Resources */,
				6C066FD31B1BAEEF009EA34D /* first_normal@2x.png in Resources */,
				6C066FDF1B1BAEEF009EA34D /* tabbar_normal_background@2x.png in Resources */,
				6C1E55C51ACF08D9003965A0 /* LaunchScreen.xib in Resources */,
				6C066FD51B1BAEEF009EA34D /* first_selected@2x.png in Resources */,
				6C066FD81B1BAEEF009EA34D /* navigationbar_background.png in Resources */,
				6C066FE21B1BAEEF009EA34D /* third_normal.png in Resources */,
				6C066FDC1B1BAEEF009EA34D /* second_selected.png in Resources */,
				6C066FE11B1BAEEF009EA34D /* tabbar_selected_background@2x.png in Resources */,
				6C066FE41B1BAEEF009EA34D /* third_selected.png in Resources */,
				6C1E55C21ACF08D9003965A0 /* Images.xcassets in Resources */,
				6C066FDD1B1BAEEF009EA34D /* second_selected@2x.png in Resources */,
				6CEF067F1B4CB7AF001F1E7C /* ticket.jpg in Resources */,
				6CA0F7811B212C3900DF867D /* loginBG.jpg in Resources */,
				6C066FE51B1BAEEF009EA34D /* third_selected@2x.png in Resources */,
				6C066FD41B1BAEEF009EA34D /* first_selected.png in Resources */,
				6C066FE01B1BAEEF009EA34D /* tabbar_selected_background.png in Resources */,
				6C3471611AE4818A00FC789A /* error@2x.png in Resources */,
				6C066FDB1B1BAEEF009EA34D /* second_normal@2x.png in Resources */,
				6C288E921AF5814A001D44C1 /* plug.jpg in Resources */,
				6CEF066D1B49B057001F1E7C /* Montserrat-Bold.otf in Resources */,
				6CEF066E1B49B057001F1E7C /* Montserrat-Regular.otf in Resources */,
			);
			runOnlyForDeploymentPostprocessing = 0;
		};
		6C1E55C81ACF08D9003965A0 /* Resources */ = {
			isa = PBXResourcesBuildPhase;
			buildActionMask = 2147483647;
			files = (
			);
			runOnlyForDeploymentPostprocessing = 0;
		};
/* End PBXResourcesBuildPhase section */

/* Begin PBXShellScriptBuildPhase section */
		5A59E8E09BDF5F4263C37312 /* Copy Pods Resources */ = {
			isa = PBXShellScriptBuildPhase;
			buildActionMask = 2147483647;
			files = (
			);
			inputPaths = (
			);
			name = "Copy Pods Resources";
			outputPaths = (
			);
			runOnlyForDeploymentPostprocessing = 0;
			shellPath = /bin/sh;
			shellScript = "\"${SRCROOT}/Pods/Target Support Files/Pods/Pods-resources.sh\"\n";
			showEnvVarsInLog = 0;
		};
		E094460845974A5080B80544 /* Check Pods Manifest.lock */ = {
			isa = PBXShellScriptBuildPhase;
			buildActionMask = 2147483647;
			files = (
			);
			inputPaths = (
			);
			name = "Check Pods Manifest.lock";
			outputPaths = (
			);
			runOnlyForDeploymentPostprocessing = 0;
			shellPath = /bin/sh;
			shellScript = "diff \"${PODS_ROOT}/../Podfile.lock\" \"${PODS_ROOT}/Manifest.lock\" > /dev/null\nif [[ $? != 0 ]] ; then\n    cat << EOM\nerror: The sandbox is not in sync with the Podfile.lock. Run 'pod install' or update your CocoaPods installation.\nEOM\n    exit 1\nfi\n";
			showEnvVarsInLog = 0;
		};
/* End PBXShellScriptBuildPhase section */

/* Begin PBXSourcesBuildPhase section */
		6C1E55AD1ACF08D9003965A0 /* Sources */ = {
			isa = PBXSourcesBuildPhase;
			buildActionMask = 2147483647;
			files = (
				6C37D2451AE083ED0078154E /* VenueInfoViewController.m in Sources */,
				6C79FF751B28B40C006293C9 /* UIColor+Piktu.m in Sources */,
				6C37D2481AE085130078154E /* EventInfoViewController.m in Sources */,
				6CB4A44B1B3CD97900121975 /* Venue.m in Sources */,
				6C8A741B1B24D70100AAD04E /* bitstream.c in Sources */,
				6CDBAF851B4F416400ED75CD /* RKDropdownAlert.m in Sources */,
				6CB4A44E1B3CD97900121975 /* Ticket.m in Sources */,
				6C066FEB1B1CD684009EA34D /* TransitionTabBarController.m in Sources */,
				6C37D23F1AE07A5F0078154E /* EventCollectionViewCell.m in Sources */,
				6C90C65A1B3877BD00C82735 /* PIKParseManager.m in Sources */,
				6C8A741F1B24D70100AAD04E /* qrspec.c in Sources */,
				6CEF06771B4A1E48001F1E7C /* VibezTabBarController.m in Sources */,
				6C90C66C1B38861E00C82735 /* FetchedCollectionViewContainerViewController.m in Sources */,
				6C7BD7631AEC2A5B0092483F /* EventDataSource.m in Sources */,
				6CB4A4451B3CD97800121975 /* Event.m in Sources */,
				6CEF067A1B4B6D4A001F1E7C /* TicketsFetchedTableViewController.m in Sources */,
				6CEF067D1B4CA0C0001F1E7C /* NSString+PIK.m in Sources */,
				6C1E55BA1ACF08D9003965A0 /* AppDelegate.m in Sources */,
				6C8A741E1B24D70100AAD04E /* qrinput.c in Sources */,
				6C066FBD1B1B9EB3009EA34D /* SettingsTabViewController.m in Sources */,
				6C8A741D1B24D70100AAD04E /* qrencode.c in Sources */,
				6C37D23C1AE079820078154E /* GlobalViewController.m in Sources */,
				6C34715D1AE46F2500FC789A /* AccountController.m in Sources */,
				6CB4A4481B3CD97900121975 /* User.m in Sources */,
				6C1E55B71ACF08D9003965A0 /* main.m in Sources */,
				6C60B0A61B3482DD004632C0 /* Vibez.xcdatamodeld in Sources */,
				6CB4A4331B3CC9AB00121975 /* Event+Additions.m in Sources */,
				6CEF06741B49B0EB001F1E7C /* UIFont+PIK.m in Sources */,
				6C7BD75D1AEB31290092483F /* Validator.m in Sources */,
				6C90C6501B38717100C82735 /* PIKContextManager.m in Sources */,
				6C7BD7671AEC2C9D0092483F /* VenueDataSource.m in Sources */,
				6C90C6631B38787E00C82735 /* Venue+Additions.m in Sources */,
				6C37D2501AE087B30078154E /* BuyTicketViewController.m in Sources */,
				6C8A741C1B24D70100AAD04E /* mask.c in Sources */,
				6CC098FA1AFEC3DF0089E4B7 /* ADVSegmentedControl.swift in Sources */,
				6C90C6541B3875F700C82735 /* User+Additions.m in Sources */,
				6CDBAF8C1B4F4AEC00ED75CD /* TicketsViewController.m in Sources */,
				6C8A74201B24D70100AAD04E /* rscode.c in Sources */,
				6C37D2331AE078840078154E /* SignUpViewController.m in Sources */,
				6C8A74211B24D70100AAD04E /* split.c in Sources */,
				6C8A73F21B24D4F300AAD04E /* UIImage+MDQRCode.m in Sources */,
				6CB4A4511B3CD97900121975 /* Order.m in Sources */,
				6C066FE81B1CA960009EA34D /* WhatsOnViewController.m in Sources */,
				6C79FF871B2A66B9006293C9 /* TicketTableViewCell.m in Sources */,
				6C79FF8A1B2A66F2006293C9 /* TicketDataSource.m in Sources */,
				6C8A74241B24DB0E00AAD04E /* DisplayTicketViewController.m in Sources */,
				6C90C6571B3876AA00C82735 /* PFObject+PIK.m in Sources */,
				6CB864251B55BE5100E2838A /* MoreTabViewController.m in Sources */,
				6C37D2421AE07A720078154E /* VenueCollectionViewCell.m in Sources */,
				6C37D22E1AE062920078154E /* LoginViewController.m in Sources */,
				6CB864281B55BEA400E2838A /* MoreContainerViewController.m in Sources */,
			);
			runOnlyForDeploymentPostprocessing = 0;
		};
		6C1E55C61ACF08D9003965A0 /* Sources */ = {
			isa = PBXSourcesBuildPhase;
			buildActionMask = 2147483647;
			files = (
				6C1E55D11ACF08D9003965A0 /* VibezTests.m in Sources */,
			);
			runOnlyForDeploymentPostprocessing = 0;
		};
/* End PBXSourcesBuildPhase section */

/* Begin PBXTargetDependency section */
		6C1E55CC1ACF08D9003965A0 /* PBXTargetDependency */ = {
			isa = PBXTargetDependency;
			target = 6C1E55B01ACF08D9003965A0 /* Vibez */;
			targetProxy = 6C1E55CB1ACF08D9003965A0 /* PBXContainerItemProxy */;
		};
/* End PBXTargetDependency section */

/* Begin PBXVariantGroup section */
		6C1E55BE1ACF08D9003965A0 /* Main.storyboard */ = {
			isa = PBXVariantGroup;
			children = (
				6C1E55BF1ACF08D9003965A0 /* Base */,
			);
			name = Main.storyboard;
			sourceTree = "<group>";
		};
		6C1E55C31ACF08D9003965A0 /* LaunchScreen.xib */ = {
			isa = PBXVariantGroup;
			children = (
				6C1E55C41ACF08D9003965A0 /* Base */,
			);
			name = LaunchScreen.xib;
			sourceTree = "<group>";
		};
/* End PBXVariantGroup section */

/* Begin XCBuildConfiguration section */
		6C1E55D21ACF08D9003965A0 /* Debug */ = {
			isa = XCBuildConfiguration;
			buildSettings = {
				ALWAYS_SEARCH_USER_PATHS = NO;
				CLANG_CXX_LANGUAGE_STANDARD = "gnu++0x";
				CLANG_CXX_LIBRARY = "libc++";
				CLANG_ENABLE_MODULES = YES;
				CLANG_ENABLE_OBJC_ARC = YES;
				CLANG_WARN_BOOL_CONVERSION = YES;
				CLANG_WARN_CONSTANT_CONVERSION = YES;
				CLANG_WARN_DIRECT_OBJC_ISA_USAGE = YES_ERROR;
				CLANG_WARN_EMPTY_BODY = YES;
				CLANG_WARN_ENUM_CONVERSION = YES;
				CLANG_WARN_INT_CONVERSION = YES;
				CLANG_WARN_OBJC_ROOT_CLASS = YES_ERROR;
				CLANG_WARN_UNREACHABLE_CODE = YES;
				CLANG_WARN__DUPLICATE_METHOD_MATCH = YES;
				"CODE_SIGN_IDENTITY[sdk=iphoneos*]" = "iPhone Developer";
				COPY_PHASE_STRIP = NO;
				DEFINES_MODULE = YES;
				ENABLE_STRICT_OBJC_MSGSEND = YES;
				GCC_C_LANGUAGE_STANDARD = gnu99;
				GCC_DYNAMIC_NO_PIC = NO;
				GCC_OPTIMIZATION_LEVEL = 0;
				GCC_PREPROCESSOR_DEFINITIONS = (
					"DEBUG=1",
					"$(inherited)",
				);
				GCC_SYMBOLS_PRIVATE_EXTERN = NO;
				GCC_WARN_64_TO_32_BIT_CONVERSION = YES;
				GCC_WARN_ABOUT_RETURN_TYPE = YES_ERROR;
				GCC_WARN_UNDECLARED_SELECTOR = YES;
				GCC_WARN_UNINITIALIZED_AUTOS = YES_AGGRESSIVE;
				GCC_WARN_UNUSED_FUNCTION = YES;
				GCC_WARN_UNUSED_VARIABLE = YES;
				IPHONEOS_DEPLOYMENT_TARGET = 8.2;
				MTL_ENABLE_DEBUG_INFO = YES;
				ONLY_ACTIVE_ARCH = YES;
				PRODUCT_MODULE_NAME = Vibez;
				SDKROOT = iphoneos;
			};
			name = Debug;
		};
		6C1E55D31ACF08D9003965A0 /* Release */ = {
			isa = XCBuildConfiguration;
			buildSettings = {
				ALWAYS_SEARCH_USER_PATHS = NO;
				CLANG_CXX_LANGUAGE_STANDARD = "gnu++0x";
				CLANG_CXX_LIBRARY = "libc++";
				CLANG_ENABLE_MODULES = YES;
				CLANG_ENABLE_OBJC_ARC = YES;
				CLANG_WARN_BOOL_CONVERSION = YES;
				CLANG_WARN_CONSTANT_CONVERSION = YES;
				CLANG_WARN_DIRECT_OBJC_ISA_USAGE = YES_ERROR;
				CLANG_WARN_EMPTY_BODY = YES;
				CLANG_WARN_ENUM_CONVERSION = YES;
				CLANG_WARN_INT_CONVERSION = YES;
				CLANG_WARN_OBJC_ROOT_CLASS = YES_ERROR;
				CLANG_WARN_UNREACHABLE_CODE = YES;
				CLANG_WARN__DUPLICATE_METHOD_MATCH = YES;
				"CODE_SIGN_IDENTITY[sdk=iphoneos*]" = "iPhone Developer";
				COPY_PHASE_STRIP = NO;
				DEFINES_MODULE = YES;
				ENABLE_NS_ASSERTIONS = NO;
				ENABLE_STRICT_OBJC_MSGSEND = YES;
				GCC_C_LANGUAGE_STANDARD = gnu99;
				GCC_WARN_64_TO_32_BIT_CONVERSION = YES;
				GCC_WARN_ABOUT_RETURN_TYPE = YES_ERROR;
				GCC_WARN_UNDECLARED_SELECTOR = YES;
				GCC_WARN_UNINITIALIZED_AUTOS = YES_AGGRESSIVE;
				GCC_WARN_UNUSED_FUNCTION = YES;
				GCC_WARN_UNUSED_VARIABLE = YES;
				IPHONEOS_DEPLOYMENT_TARGET = 8.2;
				MTL_ENABLE_DEBUG_INFO = NO;
				PRODUCT_MODULE_NAME = Vibez;
				SDKROOT = iphoneos;
				VALIDATE_PRODUCT = YES;
			};
			name = Release;
		};
		6C1E55D51ACF08D9003965A0 /* Debug */ = {
			isa = XCBuildConfiguration;
			baseConfigurationReference = 1F3B4DCC358B802FE7FB6BBF /* Pods.debug.xcconfig */;
			buildSettings = {
				ASSETCATALOG_COMPILER_APPICON_NAME = AppIcon;
				CLANG_ENABLE_MODULES = YES;
				CODE_SIGN_IDENTITY = "iPhone Developer";
				FRAMEWORK_SEARCH_PATHS = (
					"$(PROJECT_DIR)",
					/Users/harryliddell/Documents/FacebookSDK,
				);
				GCC_PREFIX_HEADER = "$(SRCROOT)/Vibez/PrefixHeader.pch";
				INFOPLIST_FILE = Vibez/Info.plist;
				IPHONEOS_DEPLOYMENT_TARGET = 8.2;
				LD_RUNPATH_SEARCH_PATHS = "$(inherited) @executable_path/Frameworks";
				PRODUCT_NAME = "$(TARGET_NAME)";
				SWIFT_OBJC_BRIDGING_HEADER = "Vibez/Vibez-Bridging-Header.h";
				SWIFT_OPTIMIZATION_LEVEL = "-Onone";
				TARGETED_DEVICE_FAMILY = "1,2";
			};
			name = Debug;
		};
		6C1E55D61ACF08D9003965A0 /* Release */ = {
			isa = XCBuildConfiguration;
			baseConfigurationReference = 6D0ECC5C9F4AE10CBA0EFE6C /* Pods.release.xcconfig */;
			buildSettings = {
				ASSETCATALOG_COMPILER_APPICON_NAME = AppIcon;
				CLANG_ENABLE_MODULES = YES;
				CODE_SIGN_IDENTITY = "iPhone Developer";
				FRAMEWORK_SEARCH_PATHS = (
					"$(PROJECT_DIR)",
					/Users/harryliddell/Documents/FacebookSDK,
				);
				GCC_PREFIX_HEADER = "$(SRCROOT)/Vibez/PrefixHeader.pch";
				INFOPLIST_FILE = Vibez/Info.plist;
				IPHONEOS_DEPLOYMENT_TARGET = 8.2;
				LD_RUNPATH_SEARCH_PATHS = "$(inherited) @executable_path/Frameworks";
				PRODUCT_NAME = "$(TARGET_NAME)";
				SWIFT_OBJC_BRIDGING_HEADER = "Vibez/Vibez-Bridging-Header.h";
				TARGETED_DEVICE_FAMILY = "1,2";
			};
			name = Release;
		};
		6C1E55D81ACF08D9003965A0 /* Debug */ = {
			isa = XCBuildConfiguration;
			buildSettings = {
				BUNDLE_LOADER = "$(TEST_HOST)";
				FRAMEWORK_SEARCH_PATHS = (
					"$(SDKROOT)/Developer/Library/Frameworks",
					"$(inherited)",
				);
				GCC_PREPROCESSOR_DEFINITIONS = (
					"DEBUG=1",
					"$(inherited)",
				);
				INFOPLIST_FILE = VibezTests/Info.plist;
				LD_RUNPATH_SEARCH_PATHS = "$(inherited) @executable_path/Frameworks @loader_path/Frameworks";
				PRODUCT_NAME = "$(TARGET_NAME)";
				TEST_HOST = "$(BUILT_PRODUCTS_DIR)/Vibez.app/Vibez";
			};
			name = Debug;
		};
		6C1E55D91ACF08D9003965A0 /* Release */ = {
			isa = XCBuildConfiguration;
			buildSettings = {
				BUNDLE_LOADER = "$(TEST_HOST)";
				FRAMEWORK_SEARCH_PATHS = (
					"$(SDKROOT)/Developer/Library/Frameworks",
					"$(inherited)",
				);
				INFOPLIST_FILE = VibezTests/Info.plist;
				LD_RUNPATH_SEARCH_PATHS = "$(inherited) @executable_path/Frameworks @loader_path/Frameworks";
				PRODUCT_NAME = "$(TARGET_NAME)";
				TEST_HOST = "$(BUILT_PRODUCTS_DIR)/Vibez.app/Vibez";
			};
			name = Release;
		};
/* End XCBuildConfiguration section */

/* Begin XCConfigurationList section */
		6C1E55AC1ACF08D9003965A0 /* Build configuration list for PBXProject "Vibez" */ = {
			isa = XCConfigurationList;
			buildConfigurations = (
				6C1E55D21ACF08D9003965A0 /* Debug */,
				6C1E55D31ACF08D9003965A0 /* Release */,
			);
			defaultConfigurationIsVisible = 0;
			defaultConfigurationName = Release;
		};
		6C1E55D41ACF08D9003965A0 /* Build configuration list for PBXNativeTarget "Vibez" */ = {
			isa = XCConfigurationList;
			buildConfigurations = (
				6C1E55D51ACF08D9003965A0 /* Debug */,
				6C1E55D61ACF08D9003965A0 /* Release */,
			);
			defaultConfigurationIsVisible = 0;
			defaultConfigurationName = Release;
		};
		6C1E55D71ACF08D9003965A0 /* Build configuration list for PBXNativeTarget "VibezTests" */ = {
			isa = XCConfigurationList;
			buildConfigurations = (
				6C1E55D81ACF08D9003965A0 /* Debug */,
				6C1E55D91ACF08D9003965A0 /* Release */,
			);
			defaultConfigurationIsVisible = 0;
			defaultConfigurationName = Release;
		};
/* End XCConfigurationList section */

/* Begin XCVersionGroup section */
		6C60B0A41B3482DD004632C0 /* Vibez.xcdatamodeld */ = {
			isa = XCVersionGroup;
			children = (
				6C60B0A51B3482DD004632C0 /* Vibez.xcdatamodel */,
			);
			currentVersion = 6C60B0A51B3482DD004632C0 /* Vibez.xcdatamodel */;
			path = Vibez.xcdatamodeld;
			sourceTree = "<group>";
			versionGroupType = wrapper.xcdatamodel;
		};
/* End XCVersionGroup section */
	};
	rootObject = 6C1E55A91ACF08D9003965A0 /* Project object */;
}
